
Microsoft Visual Studio Solution File, Format Version 11.00
# Visual Studio 2010
Project("{8BC9CEB8-8B4A-11D0-8D11-00A0C91BC942}") = "4DBasic", "4DBasic\4DBasic.vcxproj", "{EA152606-7560-496F-BFF3-1A78C158C943}"
EndProject
Project("{8BC9CEB8-8B4A-11D0-8D11-00A0C91BC942}") = "DXUTCore", "DXUT\Core\DXUTCore_2008.vcxproj", "{E0CF097B-F22D-465B-A884-D89E55BD7ECD}"
EndProject
Project("{8BC9CEB8-8B4A-11D0-8D11-00A0C91BC942}") = "DXUTOptional", "DXUT\Optional\DXUTOptional_2008.vcxproj", "{244B8931-F1FB-4D11-A8CC-95790931343B}"
EndProject
Project("{8BC9CEB8-8B4A-11D0-8D11-00A0C91BC942}") = "4DMisc", "4DMisc\4DMisc.vcxproj", "{0DAE2408-8CE2-48F2-AAAF-4857C9839C72}"
EndProject
Project("{2150E333-8FDC-42A3-9474-1A3956D46DE8}") = "DXUT", "DXUT", "{D8361221-BE66-4CD3-885E-AE49199AFE19}"
EndProject
Project("{8BC9CEB8-8B4A-11D0-8D11-00A0C91BC942}") = "tinyxml", "NewtonWin-2.30\sdk\projects_vs2008\tinyxml.vcxproj", "{18E509CF-46D2-4749-B3BB-160937CF2481}"
EndProject
Project("{8BC9CEB8-8B4A-11D0-8D11-00A0C91BC942}") = "dContainers", "NewtonWin-2.30\sdk\projects_vs2008\dContainers.vcxproj", "{F67C4593-A914-4DDF-8CB5-C59A3EF3ECE0}"
EndProject
Project("{8BC9CEB8-8B4A-11D0-8D11-00A0C91BC942}") = "dMath", "NewtonWin-2.30\sdk\projects_vs2008\dMath.vcxproj", "{CBE9E751-E58B-46C1-B6B0-873670D0F981}"
EndProject
Project("{8BC9CEB8-8B4A-11D0-8D11-00A0C91BC942}") = "dScene", "NewtonWin-2.30\sdk\projects_vs2008\dScene.vcxproj", "{B5EEC82D-938F-44C9-89BB-4A058581750B}"
EndProject
Project("{2150E333-8FDC-42A3-9474-1A3956D46DE8}") = "Newton", "Newton", "{1C252C3F-90E3-4E0A-836D-81CC0AF0E0E4}"
EndProject
Project("{8BC9CEB8-8B4A-11D0-8D11-00A0C91BC942}") = "dJointLibrary", "NewtonWin-2.30\sdk\projects_vs2008\dJointLibrary.vcxproj", "{721C99CE-4716-4146-9817-59BC2671B844}"
EndProject
Project("{8BC9CEB8-8B4A-11D0-8D11-00A0C91BC942}") = "4DMath", "4DMath\4DMath.vcxproj", "{185A1E41-9B1E-4229-8519-B63EB39ABD56}"
	ProjectSection(ProjectDependencies) = postProject
		{EA152606-7560-496F-BFF3-1A78C158C943} = {EA152606-7560-496F-BFF3-1A78C158C943}
	EndProjectSection
EndProject
Project("{8BC9CEB8-8B4A-11D0-8D11-00A0C91BC942}") = "4DCollision", "4DCollision\4DCollision.vcxproj", "{DE4C2E33-1D7D-4299-BFCB-74D4EF59E0A2}"
	ProjectSection(ProjectDependencies) = postProject
		{185A1E41-9B1E-4229-8519-B63EB39ABD56} = {185A1E41-9B1E-4229-8519-B63EB39ABD56}
		{AA89E084-0D92-4507-AD37-79EC45CB01E8} = {AA89E084-0D92-4507-AD37-79EC45CB01E8}
	EndProjectSection
EndProject
Project("{8BC9CEB8-8B4A-11D0-8D11-00A0C91BC942}") = "4DString", "4DString\4DString.vcxproj", "{795A208B-6344-4A41-9875-821316A6762C}"
	ProjectSection(ProjectDependencies) = postProject
		{EA152606-7560-496F-BFF3-1A78C158C943} = {EA152606-7560-496F-BFF3-1A78C158C943}
		{1B0FDC6F-3FD3-4D25-8372-B3B505F3F6CB} = {1B0FDC6F-3FD3-4D25-8372-B3B505F3F6CB}
	EndProjectSection
EndProject
Project("{8BC9CEB8-8B4A-11D0-8D11-00A0C91BC942}") = "4DContainer", "4DContainer\4DContainer.vcxproj", "{1B0FDC6F-3FD3-4D25-8372-B3B505F3F6CB}"
EndProject
Project("{8BC9CEB8-8B4A-11D0-8D11-00A0C91BC942}") = "4DGeometry", "4DGeometry\4DGeometry.vcxproj", "{AA89E084-0D92-4507-AD37-79EC45CB01E8}"
EndProject
Project("{8BC9CEB8-8B4A-11D0-8D11-00A0C91BC942}") = "ObjectCase", "ObjectCase\ObjectCase.vcxproj", "{AF007A9E-ECFE-4076-AC1F-3F4DDBDB1330}"
	ProjectSection(ProjectDependencies) = postProject
		{F7752F31-03B7-4157-959A-4ED80F44C16D} = {F7752F31-03B7-4157-959A-4ED80F44C16D}
	EndProjectSection
EndProject
Project("{2150E333-8FDC-42A3-9474-1A3956D46DE8}") = "Case", "Case", "{7B87C07E-32D7-4EC0-8A97-B35AD3F82033}"
EndProject
Project("{8BC9CEB8-8B4A-11D0-8D11-00A0C91BC942}") = "PhysicsCase", "PhysicsCase\PhysicsCase.vcxproj", "{7B6BA5C5-5D99-4700-A893-3C2F5E3D41FE}"
EndProject
Project("{8BC9CEB8-8B4A-11D0-8D11-00A0C91BC942}") = "DXUTCase", "DXUTCase\DXUTCase.vcxproj", "{2882473A-6A78-4822-AE69-FF8858FB2CEF}"
	ProjectSection(ProjectDependencies) = postProject
		{51F2E16D-E923-431D-B09C-E4DB88ECC351} = {51F2E16D-E923-431D-B09C-E4DB88ECC351}
	EndProjectSection
EndProject
Project("{8BC9CEB8-8B4A-11D0-8D11-00A0C91BC942}") = "4DWorld", "4DWorld\4DWorld.vcxproj", "{D6EEB494-0D12-43E7-8011-1A6BDC7BAB3D}"
	ProjectSection(ProjectDependencies) = postProject
		{EA152606-7560-496F-BFF3-1A78C158C943} = {EA152606-7560-496F-BFF3-1A78C158C943}
		{185A1E41-9B1E-4229-8519-B63EB39ABD56} = {185A1E41-9B1E-4229-8519-B63EB39ABD56}
		{1B0FDC6F-3FD3-4D25-8372-B3B505F3F6CB} = {1B0FDC6F-3FD3-4D25-8372-B3B505F3F6CB}
		{795A208B-6344-4A41-9875-821316A6762C} = {795A208B-6344-4A41-9875-821316A6762C}
	EndProjectSection
EndProject
Project("{8BC9CEB8-8B4A-11D0-8D11-00A0C91BC942}") = "4DRenderable", "4DRenderable\4DRenderable.vcxproj", "{FAADB07B-E89A-4B9A-891C-BA96F3070ADC}"
EndProject
Project("{8BC9CEB8-8B4A-11D0-8D11-00A0C91BC942}") = "4DPhysics", "4DPhysics\4DPhysics.vcxproj", "{5EB2CCD9-F4C7-439F-A11C-35D9CF54EF0E}"
	ProjectSection(ProjectDependencies) = postProject
		{16382F6C-22CF-4205-8E1E-EAF011C51216} = {16382F6C-22CF-4205-8E1E-EAF011C51216}
		{D6EEB494-0D12-43E7-8011-1A6BDC7BAB3D} = {D6EEB494-0D12-43E7-8011-1A6BDC7BAB3D}
	EndProjectSection
EndProject
Project("{8BC9CEB8-8B4A-11D0-8D11-00A0C91BC942}") = "D3DXResource", "D3DXResource\D3DXResource.vcxproj", "{641EBED2-699D-4682-9A06-EF5AB0D1DA92}"
	ProjectSection(ProjectDependencies) = postProject
		{EA152606-7560-496F-BFF3-1A78C158C943} = {EA152606-7560-496F-BFF3-1A78C158C943}
		{0DAE2408-8CE2-48F2-AAAF-4857C9839C72} = {0DAE2408-8CE2-48F2-AAAF-4857C9839C72}
		{244B8931-F1FB-4D11-A8CC-95790931343B} = {244B8931-F1FB-4D11-A8CC-95790931343B}
		{E0CF097B-F22D-465B-A884-D89E55BD7ECD} = {E0CF097B-F22D-465B-A884-D89E55BD7ECD}
		{FAADB07B-E89A-4B9A-891C-BA96F3070ADC} = {FAADB07B-E89A-4B9A-891C-BA96F3070ADC}
	EndProjectSection
EndProject
Project("{8BC9CEB8-8B4A-11D0-8D11-00A0C91BC942}") = "D3DXRenderable", "D3DXRenderable\D3DXRenderable.vcxproj", "{13DC6DB7-A99F-417E-AAC1-310A98B4D237}"
	ProjectSection(ProjectDependencies) = postProject
		{16382F6C-22CF-4205-8E1E-EAF011C51216} = {16382F6C-22CF-4205-8E1E-EAF011C51216}
		{D6EEB494-0D12-43E7-8011-1A6BDC7BAB3D} = {D6EEB494-0D12-43E7-8011-1A6BDC7BAB3D}
		{641EBED2-699D-4682-9A06-EF5AB0D1DA92} = {641EBED2-699D-4682-9A06-EF5AB0D1DA92}
	EndProjectSection
EndProject
Project("{2150E333-8FDC-42A3-9474-1A3956D46DE8}") = "4D", "4D", "{C87048B7-70D0-4603-AD4B-5178B3CD3EFD}"
EndProject
Project("{2150E333-8FDC-42A3-9474-1A3956D46DE8}") = "D3DX", "D3DX", "{39FFAD9E-5480-4CEF-A9D6-CF79D23F0EAD}"
EndProject
Project("{8BC9CEB8-8B4A-11D0-8D11-00A0C91BC942}") = "D3DXPhysics", "D3DXPhysics\D3DXPhysics.vcxproj", "{F7752F31-03B7-4157-959A-4ED80F44C16D}"
	ProjectSection(ProjectDependencies) = postProject
		{1E14079D-0FC3-46C5-BAF3-478ECB4C58A4} = {1E14079D-0FC3-46C5-BAF3-478ECB4C58A4}
		{13DC6DB7-A99F-417E-AAC1-310A98B4D237} = {13DC6DB7-A99F-417E-AAC1-310A98B4D237}
		{5EB2CCD9-F4C7-439F-A11C-35D9CF54EF0E} = {5EB2CCD9-F4C7-439F-A11C-35D9CF54EF0E}
	EndProjectSection
EndProject
Project("{2150E333-8FDC-42A3-9474-1A3956D46DE8}") = "Solution Items", "Solution Items", "{19496D4C-25B5-4A86-815C-2958681FD8F0}"
	ProjectSection(SolutionItems) = preProject
		头文件路径.txt = 头文件路径.txt
		模块介绍.txt = 模块介绍.txt
		链接库文件.txt = 链接库文件.txt
	EndProjectSection
EndProject
Project("{8BC9CEB8-8B4A-11D0-8D11-00A0C91BC942}") = "4DNewton", "4DNewton\4DNewton.vcxproj", "{1E14079D-0FC3-46C5-BAF3-478ECB4C58A4}"
	ProjectSection(ProjectDependencies) = postProject
		{B5EEC82D-938F-44C9-89BB-4A058581750B} = {B5EEC82D-938F-44C9-89BB-4A058581750B}
		{CBE9E751-E58B-46C1-B6B0-873670D0F981} = {CBE9E751-E58B-46C1-B6B0-873670D0F981}
		{F67C4593-A914-4DDF-8CB5-C59A3EF3ECE0} = {F67C4593-A914-4DDF-8CB5-C59A3EF3ECE0}
		{721C99CE-4716-4146-9817-59BC2671B844} = {721C99CE-4716-4146-9817-59BC2671B844}
		{5EB2CCD9-F4C7-439F-A11C-35D9CF54EF0E} = {5EB2CCD9-F4C7-439F-A11C-35D9CF54EF0E}
	EndProjectSection
EndProject
Project("{8BC9CEB8-8B4A-11D0-8D11-00A0C91BC942}") = "D3DXApplication", "D3DXApplication\D3DXApplication.vcxproj", "{51F2E16D-E923-431D-B09C-E4DB88ECC351}"
	ProjectSection(ProjectDependencies) = postProject
		{F7752F31-03B7-4157-959A-4ED80F44C16D} = {F7752F31-03B7-4157-959A-4ED80F44C16D}
		{DE4C2E33-1D7D-4299-BFCB-74D4EF59E0A2} = {DE4C2E33-1D7D-4299-BFCB-74D4EF59E0A2}
	EndProjectSection
EndProject
Project("{8BC9CEB8-8B4A-11D0-8D11-00A0C91BC942}") = "4DJoint", "4DJoint\4DJoint.vcxproj", "{16382F6C-22CF-4205-8E1E-EAF011C51216}"
EndProject
Project("{8BC9CEB8-8B4A-11D0-8D11-00A0C91BC942}") = "BumpCase", "BumpCase\BumpCase.vcxproj", "{43FA2A2E-0C06-4380-B4A2-7DBACD4DCF51}"
	ProjectSection(ProjectDependencies) = postProject
		{51F2E16D-E923-431D-B09C-E4DB88ECC351} = {51F2E16D-E923-431D-B09C-E4DB88ECC351}
	EndProjectSection
EndProject
Project("{8BC9CEB8-8B4A-11D0-8D11-00A0C91BC942}") = "HashListCase", "HashListCase\HashListCase.vcxproj", "{F2C1C1E9-368B-4833-A23E-39BD7829244F}"
EndProject
Project("{8BC9CEB8-8B4A-11D0-8D11-00A0C91BC942}") = "JointCase", "JointCase\JointCase.vcxproj", "{ACB6C69A-E719-4228-A30A-74E5D78F5D9B}"
	ProjectSection(ProjectDependencies) = postProject
		{51F2E16D-E923-431D-B09C-E4DB88ECC351} = {51F2E16D-E923-431D-B09C-E4DB88ECC351}
	EndProjectSection
EndProject
Project("{8BC9CEB8-8B4A-11D0-8D11-00A0C91BC942}") = "MFCApplication", "MFCApplication\MFCApplication.vcxproj", "{8F91A0A0-C497-45A9-A9D7-15638432DBC5}"
	ProjectSection(ProjectDependencies) = postProject
		{51F2E16D-E923-431D-B09C-E4DB88ECC351} = {51F2E16D-E923-431D-B09C-E4DB88ECC351}
	EndProjectSection
EndProject
Project("{2150E333-8FDC-42A3-9474-1A3956D46DE8}") = "MFC", "MFC", "{5A194147-0C76-4999-B4FD-0F14AA524655}"
EndProject
Project("{8BC9CEB8-8B4A-11D0-8D11-00A0C91BC942}") = "MFCCase", "MFCCase\MFCCase.vcxproj", "{78937924-5FFB-4976-91ED-CD07843DE437}"
EndProject
Project("{8BC9CEB8-8B4A-11D0-8D11-00A0C91BC942}") = "VirtualLab", "VirtualLab\VirtualLab.vcxproj", "{3E44D06B-0B39-4BDF-A92A-CEEF7805CED4}"
	ProjectSection(ProjectDependencies) = postProject
		{88A81030-97F4-472B-BBA8-406AECBD72F0} = {88A81030-97F4-472B-BBA8-406AECBD72F0}
		{8F91A0A0-C497-45A9-A9D7-15638432DBC5} = {8F91A0A0-C497-45A9-A9D7-15638432DBC5}
	EndProjectSection
EndProject
Project("{8BC9CEB8-8B4A-11D0-8D11-00A0C91BC942}") = "CLEyeCase", "CLEyeCase\CLEyeCase.vcxproj", "{4CD85167-D382-4989-BF82-350F179523A3}"
EndProject
Project("{2150E333-8FDC-42A3-9474-1A3956D46DE8}") = "Device", "Device", "{BCE4083A-5CFC-40C3-B9D3-21C1BC36A31B}"
EndProject
Project("{8BC9CEB8-8B4A-11D0-8D11-00A0C91BC942}") = "AVICapture", "AVICapture\AVICapture.vcxproj", "{B10D9292-464C-47D8-84AB-7D820A2ABD74}"
EndProject
Project("{8BC9CEB8-8B4A-11D0-8D11-00A0C91BC942}") = "DetectCase", "DetectCase\DetectCase.vcxproj", "{90DA97E2-85D2-40CC-BB15-A0332A9C1E3A}"
	ProjectSection(ProjectDependencies) = postProject
		{641EBED2-699D-4682-9A06-EF5AB0D1DA92} = {641EBED2-699D-4682-9A06-EF5AB0D1DA92}
	EndProjectSection
EndProject
Project("{8BC9CEB8-8B4A-11D0-8D11-00A0C91BC942}") = "PSEyeTextureCase", "PSEyeTextureCase\PSEyeTextureCase.vcxproj", "{DC1D3D20-BAE1-421F-B277-DD893ED344BA}"
EndProject
Project("{8BC9CEB8-8B4A-11D0-8D11-00A0C91BC942}") = "BaseMapCase", "BaseMapCase\BaseMapCase.vcxproj", "{E4025487-424E-4697-8D0B-6DF6981546DF}"
EndProject
Project("{8BC9CEB8-8B4A-11D0-8D11-00A0C91BC942}") = "D3DXDevice", "D3DXDevice\D3DXDevice.vcxproj", "{88A81030-97F4-472B-BBA8-406AECBD72F0}"
	ProjectSection(ProjectDependencies) = postProject
		{641EBED2-699D-4682-9A06-EF5AB0D1DA92} = {641EBED2-699D-4682-9A06-EF5AB0D1DA92}
	EndProjectSection
EndProject
Project("{8BC9CEB8-8B4A-11D0-8D11-00A0C91BC942}") = "KinectCase", "KinectCase\KinectCase.vcxproj", "{996C8CCF-5FEC-407A-BB14-E995785F139B}"
	ProjectSection(ProjectDependencies) = postProject
		{88A81030-97F4-472B-BBA8-406AECBD72F0} = {88A81030-97F4-472B-BBA8-406AECBD72F0}
		{51F2E16D-E923-431D-B09C-E4DB88ECC351} = {51F2E16D-E923-431D-B09C-E4DB88ECC351}
	EndProjectSection
EndProject
Global
	GlobalSection(SolutionConfigurationPlatforms) = preSolution
		Debug_md|Win32 = Debug_md|Win32
		Debug_md|x64 = Debug_md|x64
		Debug_mt|Win32 = Debug_mt|Win32
		Debug_mt|x64 = Debug_mt|x64
		Debug|Win32 = Debug|Win32
		Debug|x64 = Debug|x64
		Profile|Win32 = Profile|Win32
		Profile|x64 = Profile|x64
		Release_md|Win32 = Release_md|Win32
		Release_md|x64 = Release_md|x64
		Release_mt|Win32 = Release_mt|Win32
		Release_mt|x64 = Release_mt|x64
		Release|Win32 = Release|Win32
		Release|x64 = Release|x64
	EndGlobalSection
	GlobalSection(ProjectConfigurationPlatforms) = postSolution
		{EA152606-7560-496F-BFF3-1A78C158C943}.Debug_md|Win32.ActiveCfg = Debug|Win32
		{EA152606-7560-496F-BFF3-1A78C158C943}.Debug_md|Win32.Build.0 = Debug|Win32
		{EA152606-7560-496F-BFF3-1A78C158C943}.Debug_md|x64.ActiveCfg = Debug|Win32
		{EA152606-7560-496F-BFF3-1A78C158C943}.Debug_mt|Win32.ActiveCfg = Debug|Win32
		{EA152606-7560-496F-BFF3-1A78C158C943}.Debug_mt|Win32.Build.0 = Debug|Win32
		{EA152606-7560-496F-BFF3-1A78C158C943}.Debug_mt|x64.ActiveCfg = Debug|Win32
		{EA152606-7560-496F-BFF3-1A78C158C943}.Debug|Win32.ActiveCfg = Debug|Win32
		{EA152606-7560-496F-BFF3-1A78C158C943}.Debug|Win32.Build.0 = Debug|Win32
		{EA152606-7560-496F-BFF3-1A78C158C943}.Debug|x64.ActiveCfg = Debug|Win32
		{EA152606-7560-496F-BFF3-1A78C158C943}.Profile|Win32.ActiveCfg = Release|Win32
		{EA152606-7560-496F-BFF3-1A78C158C943}.Profile|Win32.Build.0 = Release|Win32
		{EA152606-7560-496F-BFF3-1A78C158C943}.Profile|x64.ActiveCfg = Release|Win32
		{EA152606-7560-496F-BFF3-1A78C158C943}.Release_md|Win32.ActiveCfg = Release|Win32
		{EA152606-7560-496F-BFF3-1A78C158C943}.Release_md|Win32.Build.0 = Release|Win32
		{EA152606-7560-496F-BFF3-1A78C158C943}.Release_md|x64.ActiveCfg = Release|Win32
		{EA152606-7560-496F-BFF3-1A78C158C943}.Release_mt|Win32.ActiveCfg = Release|Win32
		{EA152606-7560-496F-BFF3-1A78C158C943}.Release_mt|Win32.Build.0 = Release|Win32
		{EA152606-7560-496F-BFF3-1A78C158C943}.Release_mt|x64.ActiveCfg = Release|Win32
		{EA152606-7560-496F-BFF3-1A78C158C943}.Release|Win32.ActiveCfg = Release|Win32
		{EA152606-7560-496F-BFF3-1A78C158C943}.Release|Win32.Build.0 = Release|Win32
		{EA152606-7560-496F-BFF3-1A78C158C943}.Release|x64.ActiveCfg = Release|Win32
		{E0CF097B-F22D-465B-A884-D89E55BD7ECD}.Debug_md|Win32.ActiveCfg = Debug|x64
		{E0CF097B-F22D-465B-A884-D89E55BD7ECD}.Debug_md|x64.ActiveCfg = Debug|x64
		{E0CF097B-F22D-465B-A884-D89E55BD7ECD}.Debug_md|x64.Build.0 = Debug|x64
		{E0CF097B-F22D-465B-A884-D89E55BD7ECD}.Debug_mt|Win32.ActiveCfg = Debug|x64
		{E0CF097B-F22D-465B-A884-D89E55BD7ECD}.Debug_mt|x64.ActiveCfg = Debug|x64
		{E0CF097B-F22D-465B-A884-D89E55BD7ECD}.Debug_mt|x64.Build.0 = Debug|x64
		{E0CF097B-F22D-465B-A884-D89E55BD7ECD}.Debug|Win32.ActiveCfg = Debug|Win32
		{E0CF097B-F22D-465B-A884-D89E55BD7ECD}.Debug|Win32.Build.0 = Debug|Win32
		{E0CF097B-F22D-465B-A884-D89E55BD7ECD}.Debug|x64.ActiveCfg = Debug|x64
		{E0CF097B-F22D-465B-A884-D89E55BD7ECD}.Debug|x64.Build.0 = Debug|x64
		{E0CF097B-F22D-465B-A884-D89E55BD7ECD}.Profile|Win32.ActiveCfg = Profile|Win32
		{E0CF097B-F22D-465B-A884-D89E55BD7ECD}.Profile|Win32.Build.0 = Profile|Win32
		{E0CF097B-F22D-465B-A884-D89E55BD7ECD}.Profile|x64.ActiveCfg = Profile|x64
		{E0CF097B-F22D-465B-A884-D89E55BD7ECD}.Profile|x64.Build.0 = Profile|x64
		{E0CF097B-F22D-465B-A884-D89E55BD7ECD}.Release_md|Win32.ActiveCfg = Release|x64
		{E0CF097B-F22D-465B-A884-D89E55BD7ECD}.Release_md|x64.ActiveCfg = Release|x64
		{E0CF097B-F22D-465B-A884-D89E55BD7ECD}.Release_md|x64.Build.0 = Release|x64
		{E0CF097B-F22D-465B-A884-D89E55BD7ECD}.Release_mt|Win32.ActiveCfg = Release|x64
		{E0CF097B-F22D-465B-A884-D89E55BD7ECD}.Release_mt|x64.ActiveCfg = Release|x64
		{E0CF097B-F22D-465B-A884-D89E55BD7ECD}.Release_mt|x64.Build.0 = Release|x64
		{E0CF097B-F22D-465B-A884-D89E55BD7ECD}.Release|Win32.ActiveCfg = Release|Win32
		{E0CF097B-F22D-465B-A884-D89E55BD7ECD}.Release|Win32.Build.0 = Release|Win32
		{E0CF097B-F22D-465B-A884-D89E55BD7ECD}.Release|x64.ActiveCfg = Release|x64
		{E0CF097B-F22D-465B-A884-D89E55BD7ECD}.Release|x64.Build.0 = Release|x64
		{244B8931-F1FB-4D11-A8CC-95790931343B}.Debug_md|Win32.ActiveCfg = Debug|x64
		{244B8931-F1FB-4D11-A8CC-95790931343B}.Debug_md|x64.ActiveCfg = Debug|x64
		{244B8931-F1FB-4D11-A8CC-95790931343B}.Debug_md|x64.Build.0 = Debug|x64
		{244B8931-F1FB-4D11-A8CC-95790931343B}.Debug_mt|Win32.ActiveCfg = Debug|x64
		{244B8931-F1FB-4D11-A8CC-95790931343B}.Debug_mt|x64.ActiveCfg = Debug|x64
		{244B8931-F1FB-4D11-A8CC-95790931343B}.Debug_mt|x64.Build.0 = Debug|x64
		{244B8931-F1FB-4D11-A8CC-95790931343B}.Debug|Win32.ActiveCfg = Debug|Win32
		{244B8931-F1FB-4D11-A8CC-95790931343B}.Debug|Win32.Build.0 = Debug|Win32
		{244B8931-F1FB-4D11-A8CC-95790931343B}.Debug|x64.ActiveCfg = Debug|x64
		{244B8931-F1FB-4D11-A8CC-95790931343B}.Debug|x64.Build.0 = Debug|x64
		{244B8931-F1FB-4D11-A8CC-95790931343B}.Profile|Win32.ActiveCfg = Profile|Win32
		{244B8931-F1FB-4D11-A8CC-95790931343B}.Profile|Win32.Build.0 = Profile|Win32
		{244B8931-F1FB-4D11-A8CC-95790931343B}.Profile|x64.ActiveCfg = Profile|x64
		{244B8931-F1FB-4D11-A8CC-95790931343B}.Profile|x64.Build.0 = Profile|x64
		{244B8931-F1FB-4D11-A8CC-95790931343B}.Release_md|Win32.ActiveCfg = Release|x64
		{244B8931-F1FB-4D11-A8CC-95790931343B}.Release_md|x64.ActiveCfg = Release|x64
		{244B8931-F1FB-4D11-A8CC-95790931343B}.Release_md|x64.Build.0 = Release|x64
		{244B8931-F1FB-4D11-A8CC-95790931343B}.Release_mt|Win32.ActiveCfg = Release|x64
		{244B8931-F1FB-4D11-A8CC-95790931343B}.Release_mt|x64.ActiveCfg = Release|x64
		{244B8931-F1FB-4D11-A8CC-95790931343B}.Release_mt|x64.Build.0 = Release|x64
		{244B8931-F1FB-4D11-A8CC-95790931343B}.Release|Win32.ActiveCfg = Release|Win32
		{244B8931-F1FB-4D11-A8CC-95790931343B}.Release|Win32.Build.0 = Release|Win32
		{244B8931-F1FB-4D11-A8CC-95790931343B}.Release|x64.ActiveCfg = Release|x64
		{244B8931-F1FB-4D11-A8CC-95790931343B}.Release|x64.Build.0 = Release|x64
		{0DAE2408-8CE2-48F2-AAAF-4857C9839C72}.Debug_md|Win32.ActiveCfg = Debug|Win32
		{0DAE2408-8CE2-48F2-AAAF-4857C9839C72}.Debug_md|Win32.Build.0 = Debug|Win32
		{0DAE2408-8CE2-48F2-AAAF-4857C9839C72}.Debug_md|x64.ActiveCfg = Debug|Win32
		{0DAE2408-8CE2-48F2-AAAF-4857C9839C72}.Debug_mt|Win32.ActiveCfg = Debug|Win32
		{0DAE2408-8CE2-48F2-AAAF-4857C9839C72}.Debug_mt|Win32.Build.0 = Debug|Win32
		{0DAE2408-8CE2-48F2-AAAF-4857C9839C72}.Debug_mt|x64.ActiveCfg = Debug|Win32
		{0DAE2408-8CE2-48F2-AAAF-4857C9839C72}.Debug|Win32.ActiveCfg = Debug|Win32
		{0DAE2408-8CE2-48F2-AAAF-4857C9839C72}.Debug|Win32.Build.0 = Debug|Win32
		{0DAE2408-8CE2-48F2-AAAF-4857C9839C72}.Debug|x64.ActiveCfg = Debug|Win32
		{0DAE2408-8CE2-48F2-AAAF-4857C9839C72}.Profile|Win32.ActiveCfg = Release|Win32
		{0DAE2408-8CE2-48F2-AAAF-4857C9839C72}.Profile|Win32.Build.0 = Release|Win32
		{0DAE2408-8CE2-48F2-AAAF-4857C9839C72}.Profile|x64.ActiveCfg = Release|Win32
		{0DAE2408-8CE2-48F2-AAAF-4857C9839C72}.Release_md|Win32.ActiveCfg = Release|Win32
		{0DAE2408-8CE2-48F2-AAAF-4857C9839C72}.Release_md|Win32.Build.0 = Release|Win32
		{0DAE2408-8CE2-48F2-AAAF-4857C9839C72}.Release_md|x64.ActiveCfg = Release|Win32
		{0DAE2408-8CE2-48F2-AAAF-4857C9839C72}.Release_mt|Win32.ActiveCfg = Release|Win32
		{0DAE2408-8CE2-48F2-AAAF-4857C9839C72}.Release_mt|Win32.Build.0 = Release|Win32
		{0DAE2408-8CE2-48F2-AAAF-4857C9839C72}.Release_mt|x64.ActiveCfg = Release|Win32
		{0DAE2408-8CE2-48F2-AAAF-4857C9839C72}.Release|Win32.ActiveCfg = Release|Win32
		{0DAE2408-8CE2-48F2-AAAF-4857C9839C72}.Release|Win32.Build.0 = Release|Win32
		{0DAE2408-8CE2-48F2-AAAF-4857C9839C72}.Release|x64.ActiveCfg = Release|Win32
		{18E509CF-46D2-4749-B3BB-160937CF2481}.Debug_md|Win32.ActiveCfg = Debug_md|Win32
		{18E509CF-46D2-4749-B3BB-160937CF2481}.Debug_md|Win32.Build.0 = Debug_md|Win32
		{18E509CF-46D2-4749-B3BB-160937CF2481}.Debug_md|x64.ActiveCfg = Debug_md|x64
		{18E509CF-46D2-4749-B3BB-160937CF2481}.Debug_md|x64.Build.0 = Debug_md|x64
		{18E509CF-46D2-4749-B3BB-160937CF2481}.Debug_mt|Win32.ActiveCfg = Debug_mt|Win32
		{18E509CF-46D2-4749-B3BB-160937CF2481}.Debug_mt|Win32.Build.0 = Debug_mt|Win32
		{18E509CF-46D2-4749-B3BB-160937CF2481}.Debug_mt|x64.ActiveCfg = Debug_mt|x64
		{18E509CF-46D2-4749-B3BB-160937CF2481}.Debug_mt|x64.Build.0 = Debug_mt|x64
		{18E509CF-46D2-4749-B3BB-160937CF2481}.Debug|Win32.ActiveCfg = Debug_mt|x64
		{18E509CF-46D2-4749-B3BB-160937CF2481}.Debug|x64.ActiveCfg = Debug_mt|x64
		{18E509CF-46D2-4749-B3BB-160937CF2481}.Debug|x64.Build.0 = Debug_mt|x64
		{18E509CF-46D2-4749-B3BB-160937CF2481}.Profile|Win32.ActiveCfg = Release_mt|x64
		{18E509CF-46D2-4749-B3BB-160937CF2481}.Profile|x64.ActiveCfg = Release_mt|x64
		{18E509CF-46D2-4749-B3BB-160937CF2481}.Profile|x64.Build.0 = Release_mt|x64
		{18E509CF-46D2-4749-B3BB-160937CF2481}.Release_md|Win32.ActiveCfg = Release_md|Win32
		{18E509CF-46D2-4749-B3BB-160937CF2481}.Release_md|Win32.Build.0 = Release_md|Win32
		{18E509CF-46D2-4749-B3BB-160937CF2481}.Release_md|x64.ActiveCfg = Release_md|x64
		{18E509CF-46D2-4749-B3BB-160937CF2481}.Release_md|x64.Build.0 = Release_md|x64
		{18E509CF-46D2-4749-B3BB-160937CF2481}.Release_mt|Win32.ActiveCfg = Release_mt|Win32
		{18E509CF-46D2-4749-B3BB-160937CF2481}.Release_mt|Win32.Build.0 = Release_mt|Win32
		{18E509CF-46D2-4749-B3BB-160937CF2481}.Release_mt|x64.ActiveCfg = Release_mt|x64
		{18E509CF-46D2-4749-B3BB-160937CF2481}.Release_mt|x64.Build.0 = Release_mt|x64
		{18E509CF-46D2-4749-B3BB-160937CF2481}.Release|Win32.ActiveCfg = Release_mt|x64
		{18E509CF-46D2-4749-B3BB-160937CF2481}.Release|x64.ActiveCfg = Release_mt|x64
		{18E509CF-46D2-4749-B3BB-160937CF2481}.Release|x64.Build.0 = Release_mt|x64
		{F67C4593-A914-4DDF-8CB5-C59A3EF3ECE0}.Debug_md|Win32.ActiveCfg = Debug_md|Win32
		{F67C4593-A914-4DDF-8CB5-C59A3EF3ECE0}.Debug_md|Win32.Build.0 = Debug_md|Win32
		{F67C4593-A914-4DDF-8CB5-C59A3EF3ECE0}.Debug_md|x64.ActiveCfg = Debug_md|x64
		{F67C4593-A914-4DDF-8CB5-C59A3EF3ECE0}.Debug_md|x64.Build.0 = Debug_md|x64
		{F67C4593-A914-4DDF-8CB5-C59A3EF3ECE0}.Debug_mt|Win32.ActiveCfg = Debug_mt|Win32
		{F67C4593-A914-4DDF-8CB5-C59A3EF3ECE0}.Debug_mt|Win32.Build.0 = Debug_mt|Win32
		{F67C4593-A914-4DDF-8CB5-C59A3EF3ECE0}.Debug_mt|x64.ActiveCfg = Debug_mt|x64
		{F67C4593-A914-4DDF-8CB5-C59A3EF3ECE0}.Debug_mt|x64.Build.0 = Debug_mt|x64
		{F67C4593-A914-4DDF-8CB5-C59A3EF3ECE0}.Debug|Win32.ActiveCfg = Debug_mt|x64
		{F67C4593-A914-4DDF-8CB5-C59A3EF3ECE0}.Debug|x64.ActiveCfg = Debug_mt|x64
		{F67C4593-A914-4DDF-8CB5-C59A3EF3ECE0}.Debug|x64.Build.0 = Debug_mt|x64
		{F67C4593-A914-4DDF-8CB5-C59A3EF3ECE0}.Profile|Win32.ActiveCfg = Release_mt|x64
		{F67C4593-A914-4DDF-8CB5-C59A3EF3ECE0}.Profile|x64.ActiveCfg = Release_mt|x64
		{F67C4593-A914-4DDF-8CB5-C59A3EF3ECE0}.Profile|x64.Build.0 = Release_mt|x64
		{F67C4593-A914-4DDF-8CB5-C59A3EF3ECE0}.Release_md|Win32.ActiveCfg = Release_md|Win32
		{F67C4593-A914-4DDF-8CB5-C59A3EF3ECE0}.Release_md|Win32.Build.0 = Release_md|Win32
		{F67C4593-A914-4DDF-8CB5-C59A3EF3ECE0}.Release_md|x64.ActiveCfg = Release_md|x64
		{F67C4593-A914-4DDF-8CB5-C59A3EF3ECE0}.Release_md|x64.Build.0 = Release_md|x64
		{F67C4593-A914-4DDF-8CB5-C59A3EF3ECE0}.Release_mt|Win32.ActiveCfg = Release_mt|Win32
		{F67C4593-A914-4DDF-8CB5-C59A3EF3ECE0}.Release_mt|Win32.Build.0 = Release_mt|Win32
		{F67C4593-A914-4DDF-8CB5-C59A3EF3ECE0}.Release_mt|x64.ActiveCfg = Release_mt|x64
		{F67C4593-A914-4DDF-8CB5-C59A3EF3ECE0}.Release_mt|x64.Build.0 = Release_mt|x64
		{F67C4593-A914-4DDF-8CB5-C59A3EF3ECE0}.Release|Win32.ActiveCfg = Release_mt|x64
		{F67C4593-A914-4DDF-8CB5-C59A3EF3ECE0}.Release|x64.ActiveCfg = Release_mt|x64
		{F67C4593-A914-4DDF-8CB5-C59A3EF3ECE0}.Release|x64.Build.0 = Release_mt|x64
		{CBE9E751-E58B-46C1-B6B0-873670D0F981}.Debug_md|Win32.ActiveCfg = Debug_md|Win32
		{CBE9E751-E58B-46C1-B6B0-873670D0F981}.Debug_md|Win32.Build.0 = Debug_md|Win32
		{CBE9E751-E58B-46C1-B6B0-873670D0F981}.Debug_md|x64.ActiveCfg = Debug_md|x64
		{CBE9E751-E58B-46C1-B6B0-873670D0F981}.Debug_md|x64.Build.0 = Debug_md|x64
		{CBE9E751-E58B-46C1-B6B0-873670D0F981}.Debug_mt|Win32.ActiveCfg = Debug_mt|Win32
		{CBE9E751-E58B-46C1-B6B0-873670D0F981}.Debug_mt|Win32.Build.0 = Debug_mt|Win32
		{CBE9E751-E58B-46C1-B6B0-873670D0F981}.Debug_mt|x64.ActiveCfg = Debug_mt|x64
		{CBE9E751-E58B-46C1-B6B0-873670D0F981}.Debug_mt|x64.Build.0 = Debug_mt|x64
		{CBE9E751-E58B-46C1-B6B0-873670D0F981}.Debug|Win32.ActiveCfg = Debug_mt|x64
		{CBE9E751-E58B-46C1-B6B0-873670D0F981}.Debug|x64.ActiveCfg = Debug_mt|x64
		{CBE9E751-E58B-46C1-B6B0-873670D0F981}.Debug|x64.Build.0 = Debug_mt|x64
		{CBE9E751-E58B-46C1-B6B0-873670D0F981}.Profile|Win32.ActiveCfg = Release_mt|x64
		{CBE9E751-E58B-46C1-B6B0-873670D0F981}.Profile|x64.ActiveCfg = Release_mt|x64
		{CBE9E751-E58B-46C1-B6B0-873670D0F981}.Profile|x64.Build.0 = Release_mt|x64
		{CBE9E751-E58B-46C1-B6B0-873670D0F981}.Release_md|Win32.ActiveCfg = Release_md|Win32
		{CBE9E751-E58B-46C1-B6B0-873670D0F981}.Release_md|Win32.Build.0 = Release_md|Win32
		{CBE9E751-E58B-46C1-B6B0-873670D0F981}.Release_md|x64.ActiveCfg = Release_md|x64
		{CBE9E751-E58B-46C1-B6B0-873670D0F981}.Release_md|x64.Build.0 = Release_md|x64
		{CBE9E751-E58B-46C1-B6B0-873670D0F981}.Release_mt|Win32.ActiveCfg = Release_mt|Win32
		{CBE9E751-E58B-46C1-B6B0-873670D0F981}.Release_mt|Win32.Build.0 = Release_mt|Win32
		{CBE9E751-E58B-46C1-B6B0-873670D0F981}.Release_mt|x64.ActiveCfg = Release_mt|x64
		{CBE9E751-E58B-46C1-B6B0-873670D0F981}.Release_mt|x64.Build.0 = Release_mt|x64
		{CBE9E751-E58B-46C1-B6B0-873670D0F981}.Release|Win32.ActiveCfg = Release_mt|x64
		{CBE9E751-E58B-46C1-B6B0-873670D0F981}.Release|x64.ActiveCfg = Release_mt|x64
		{CBE9E751-E58B-46C1-B6B0-873670D0F981}.Release|x64.Build.0 = Release_mt|x64
		{B5EEC82D-938F-44C9-89BB-4A058581750B}.Debug_md|Win32.ActiveCfg = Debug_md|Win32
		{B5EEC82D-938F-44C9-89BB-4A058581750B}.Debug_md|Win32.Build.0 = Debug_md|Win32
		{B5EEC82D-938F-44C9-89BB-4A058581750B}.Debug_md|x64.ActiveCfg = Debug_md|x64
		{B5EEC82D-938F-44C9-89BB-4A058581750B}.Debug_md|x64.Build.0 = Debug_md|x64
		{B5EEC82D-938F-44C9-89BB-4A058581750B}.Debug_mt|Win32.ActiveCfg = Debug_mt|Win32
		{B5EEC82D-938F-44C9-89BB-4A058581750B}.Debug_mt|Win32.Build.0 = Debug_mt|Win32
		{B5EEC82D-938F-44C9-89BB-4A058581750B}.Debug_mt|x64.ActiveCfg = Debug_mt|x64
		{B5EEC82D-938F-44C9-89BB-4A058581750B}.Debug_mt|x64.Build.0 = Debug_mt|x64
		{B5EEC82D-938F-44C9-89BB-4A058581750B}.Debug|Win32.ActiveCfg = Debug_mt|x64
		{B5EEC82D-938F-44C9-89BB-4A058581750B}.Debug|x64.ActiveCfg = Debug_mt|x64
		{B5EEC82D-938F-44C9-89BB-4A058581750B}.Debug|x64.Build.0 = Debug_mt|x64
		{B5EEC82D-938F-44C9-89BB-4A058581750B}.Profile|Win32.ActiveCfg = Release_mt|x64
		{B5EEC82D-938F-44C9-89BB-4A058581750B}.Profile|x64.ActiveCfg = Release_mt|x64
		{B5EEC82D-938F-44C9-89BB-4A058581750B}.Profile|x64.Build.0 = Release_mt|x64
		{B5EEC82D-938F-44C9-89BB-4A058581750B}.Release_md|Win32.ActiveCfg = Release_md|Win32
		{B5EEC82D-938F-44C9-89BB-4A058581750B}.Release_md|Win32.Build.0 = Release_md|Win32
		{B5EEC82D-938F-44C9-89BB-4A058581750B}.Release_md|x64.ActiveCfg = Release_md|x64
		{B5EEC82D-938F-44C9-89BB-4A058581750B}.Release_md|x64.Build.0 = Release_md|x64
		{B5EEC82D-938F-44C9-89BB-4A058581750B}.Release_mt|Win32.ActiveCfg = Release_mt|Win32
		{B5EEC82D-938F-44C9-89BB-4A058581750B}.Release_mt|Win32.Build.0 = Release_mt|Win32
		{B5EEC82D-938F-44C9-89BB-4A058581750B}.Release_mt|x64.ActiveCfg = Release_mt|x64
		{B5EEC82D-938F-44C9-89BB-4A058581750B}.Release_mt|x64.Build.0 = Release_mt|x64
		{B5EEC82D-938F-44C9-89BB-4A058581750B}.Release|Win32.ActiveCfg = Release_mt|x64
		{B5EEC82D-938F-44C9-89BB-4A058581750B}.Release|x64.ActiveCfg = Release_mt|x64
		{B5EEC82D-938F-44C9-89BB-4A058581750B}.Release|x64.Build.0 = Release_mt|x64
		{721C99CE-4716-4146-9817-59BC2671B844}.Debug_md|Win32.ActiveCfg = Debug_md|Win32
		{721C99CE-4716-4146-9817-59BC2671B844}.Debug_md|Win32.Build.0 = Debug_md|Win32
		{721C99CE-4716-4146-9817-59BC2671B844}.Debug_md|x64.ActiveCfg = Debug_md|x64
		{721C99CE-4716-4146-9817-59BC2671B844}.Debug_md|x64.Build.0 = Debug_md|x64
		{721C99CE-4716-4146-9817-59BC2671B844}.Debug_mt|Win32.ActiveCfg = Debug_mt|Win32
		{721C99CE-4716-4146-9817-59BC2671B844}.Debug_mt|Win32.Build.0 = Debug_mt|Win32
		{721C99CE-4716-4146-9817-59BC2671B844}.Debug_mt|x64.ActiveCfg = Debug_mt|x64
		{721C99CE-4716-4146-9817-59BC2671B844}.Debug_mt|x64.Build.0 = Debug_mt|x64
		{721C99CE-4716-4146-9817-59BC2671B844}.Debug|Win32.ActiveCfg = Debug_mt|x64
		{721C99CE-4716-4146-9817-59BC2671B844}.Debug|x64.ActiveCfg = Debug_mt|x64
		{721C99CE-4716-4146-9817-59BC2671B844}.Debug|x64.Build.0 = Debug_mt|x64
		{721C99CE-4716-4146-9817-59BC2671B844}.Profile|Win32.ActiveCfg = Release_mt|x64
		{721C99CE-4716-4146-9817-59BC2671B844}.Profile|x64.ActiveCfg = Release_mt|x64
		{721C99CE-4716-4146-9817-59BC2671B844}.Profile|x64.Build.0 = Release_mt|x64
		{721C99CE-4716-4146-9817-59BC2671B844}.Release_md|Win32.ActiveCfg = Release_md|Win32
		{721C99CE-4716-4146-9817-59BC2671B844}.Release_md|Win32.Build.0 = Release_md|Win32
		{721C99CE-4716-4146-9817-59BC2671B844}.Release_md|x64.ActiveCfg = Release_md|x64
		{721C99CE-4716-4146-9817-59BC2671B844}.Release_md|x64.Build.0 = Release_md|x64
		{721C99CE-4716-4146-9817-59BC2671B844}.Release_mt|Win32.ActiveCfg = Release_mt|Win32
		{721C99CE-4716-4146-9817-59BC2671B844}.Release_mt|Win32.Build.0 = Release_mt|Win32
		{721C99CE-4716-4146-9817-59BC2671B844}.Release_mt|x64.ActiveCfg = Release_mt|x64
		{721C99CE-4716-4146-9817-59BC2671B844}.Release_mt|x64.Build.0 = Release_mt|x64
		{721C99CE-4716-4146-9817-59BC2671B844}.Release|Win32.ActiveCfg = Release_mt|x64
		{721C99CE-4716-4146-9817-59BC2671B844}.Release|x64.ActiveCfg = Release_mt|x64
		{721C99CE-4716-4146-9817-59BC2671B844}.Release|x64.Build.0 = Release_mt|x64
		{185A1E41-9B1E-4229-8519-B63EB39ABD56}.Debug_md|Win32.ActiveCfg = Debug|Win32
		{185A1E41-9B1E-4229-8519-B63EB39ABD56}.Debug_md|Win32.Build.0 = Debug|Win32
		{185A1E41-9B1E-4229-8519-B63EB39ABD56}.Debug_md|x64.ActiveCfg = Debug|Win32
		{185A1E41-9B1E-4229-8519-B63EB39ABD56}.Debug_mt|Win32.ActiveCfg = Debug|Win32
		{185A1E41-9B1E-4229-8519-B63EB39ABD56}.Debug_mt|Win32.Build.0 = Debug|Win32
		{185A1E41-9B1E-4229-8519-B63EB39ABD56}.Debug_mt|x64.ActiveCfg = Debug|Win32
		{185A1E41-9B1E-4229-8519-B63EB39ABD56}.Debug|Win32.ActiveCfg = Debug|Win32
		{185A1E41-9B1E-4229-8519-B63EB39ABD56}.Debug|Win32.Build.0 = Debug|Win32
		{185A1E41-9B1E-4229-8519-B63EB39ABD56}.Debug|x64.ActiveCfg = Debug|Win32
		{185A1E41-9B1E-4229-8519-B63EB39ABD56}.Profile|Win32.ActiveCfg = Release|Win32
		{185A1E41-9B1E-4229-8519-B63EB39ABD56}.Profile|Win32.Build.0 = Release|Win32
		{185A1E41-9B1E-4229-8519-B63EB39ABD56}.Profile|x64.ActiveCfg = Release|Win32
		{185A1E41-9B1E-4229-8519-B63EB39ABD56}.Release_md|Win32.ActiveCfg = Release|Win32
		{185A1E41-9B1E-4229-8519-B63EB39ABD56}.Release_md|Win32.Build.0 = Release|Win32
		{185A1E41-9B1E-4229-8519-B63EB39ABD56}.Release_md|x64.ActiveCfg = Release|Win32
		{185A1E41-9B1E-4229-8519-B63EB39ABD56}.Release_mt|Win32.ActiveCfg = Release|Win32
		{185A1E41-9B1E-4229-8519-B63EB39ABD56}.Release_mt|Win32.Build.0 = Release|Win32
		{185A1E41-9B1E-4229-8519-B63EB39ABD56}.Release_mt|x64.ActiveCfg = Release|Win32
		{185A1E41-9B1E-4229-8519-B63EB39ABD56}.Release|Win32.ActiveCfg = Release|Win32
		{185A1E41-9B1E-4229-8519-B63EB39ABD56}.Release|Win32.Build.0 = Release|Win32
		{185A1E41-9B1E-4229-8519-B63EB39ABD56}.Release|x64.ActiveCfg = Release|Win32
		{DE4C2E33-1D7D-4299-BFCB-74D4EF59E0A2}.Debug_md|Win32.ActiveCfg = Debug|Win32
		{DE4C2E33-1D7D-4299-BFCB-74D4EF59E0A2}.Debug_md|Win32.Build.0 = Debug|Win32
		{DE4C2E33-1D7D-4299-BFCB-74D4EF59E0A2}.Debug_md|x64.ActiveCfg = Debug|Win32
		{DE4C2E33-1D7D-4299-BFCB-74D4EF59E0A2}.Debug_mt|Win32.ActiveCfg = Debug|Win32
		{DE4C2E33-1D7D-4299-BFCB-74D4EF59E0A2}.Debug_mt|Win32.Build.0 = Debug|Win32
		{DE4C2E33-1D7D-4299-BFCB-74D4EF59E0A2}.Debug_mt|x64.ActiveCfg = Debug|Win32
		{DE4C2E33-1D7D-4299-BFCB-74D4EF59E0A2}.Debug|Win32.ActiveCfg = Debug|Win32
		{DE4C2E33-1D7D-4299-BFCB-74D4EF59E0A2}.Debug|Win32.Build.0 = Debug|Win32
		{DE4C2E33-1D7D-4299-BFCB-74D4EF59E0A2}.Debug|x64.ActiveCfg = Debug|Win32
		{DE4C2E33-1D7D-4299-BFCB-74D4EF59E0A2}.Profile|Win32.ActiveCfg = Release|Win32
		{DE4C2E33-1D7D-4299-BFCB-74D4EF59E0A2}.Profile|Win32.Build.0 = Release|Win32
		{DE4C2E33-1D7D-4299-BFCB-74D4EF59E0A2}.Profile|x64.ActiveCfg = Release|Win32
		{DE4C2E33-1D7D-4299-BFCB-74D4EF59E0A2}.Release_md|Win32.ActiveCfg = Release|Win32
		{DE4C2E33-1D7D-4299-BFCB-74D4EF59E0A2}.Release_md|Win32.Build.0 = Release|Win32
		{DE4C2E33-1D7D-4299-BFCB-74D4EF59E0A2}.Release_md|x64.ActiveCfg = Release|Win32
		{DE4C2E33-1D7D-4299-BFCB-74D4EF59E0A2}.Release_mt|Win32.ActiveCfg = Release|Win32
		{DE4C2E33-1D7D-4299-BFCB-74D4EF59E0A2}.Release_mt|Win32.Build.0 = Release|Win32
		{DE4C2E33-1D7D-4299-BFCB-74D4EF59E0A2}.Release_mt|x64.ActiveCfg = Release|Win32
		{DE4C2E33-1D7D-4299-BFCB-74D4EF59E0A2}.Release|Win32.ActiveCfg = Release|Win32
		{DE4C2E33-1D7D-4299-BFCB-74D4EF59E0A2}.Release|Win32.Build.0 = Release|Win32
		{DE4C2E33-1D7D-4299-BFCB-74D4EF59E0A2}.Release|x64.ActiveCfg = Release|Win32
		{795A208B-6344-4A41-9875-821316A6762C}.Debug_md|Win32.ActiveCfg = Debug|Win32
		{795A208B-6344-4A41-9875-821316A6762C}.Debug_md|Win32.Build.0 = Debug|Win32
		{795A208B-6344-4A41-9875-821316A6762C}.Debug_md|x64.ActiveCfg = Debug|Win32
		{795A208B-6344-4A41-9875-821316A6762C}.Debug_mt|Win32.ActiveCfg = Debug|Win32
		{795A208B-6344-4A41-9875-821316A6762C}.Debug_mt|Win32.Build.0 = Debug|Win32
		{795A208B-6344-4A41-9875-821316A6762C}.Debug_mt|x64.ActiveCfg = Debug|Win32
		{795A208B-6344-4A41-9875-821316A6762C}.Debug|Win32.ActiveCfg = Debug|Win32
		{795A208B-6344-4A41-9875-821316A6762C}.Debug|Win32.Build.0 = Debug|Win32
		{795A208B-6344-4A41-9875-821316A6762C}.Debug|x64.ActiveCfg = Debug|Win32
		{795A208B-6344-4A41-9875-821316A6762C}.Profile|Win32.ActiveCfg = Release|Win32
		{795A208B-6344-4A41-9875-821316A6762C}.Profile|Win32.Build.0 = Release|Win32
		{795A208B-6344-4A41-9875-821316A6762C}.Profile|x64.ActiveCfg = Release|Win32
		{795A208B-6344-4A41-9875-821316A6762C}.Release_md|Win32.ActiveCfg = Release|Win32
		{795A208B-6344-4A41-9875-821316A6762C}.Release_md|Win32.Build.0 = Release|Win32
		{795A208B-6344-4A41-9875-821316A6762C}.Release_md|x64.ActiveCfg = Release|Win32
		{795A208B-6344-4A41-9875-821316A6762C}.Release_mt|Win32.ActiveCfg = Release|Win32
		{795A208B-6344-4A41-9875-821316A6762C}.Release_mt|Win32.Build.0 = Release|Win32
		{795A208B-6344-4A41-9875-821316A6762C}.Release_mt|x64.ActiveCfg = Release|Win32
		{795A208B-6344-4A41-9875-821316A6762C}.Release|Win32.ActiveCfg = Release|Win32
		{795A208B-6344-4A41-9875-821316A6762C}.Release|Win32.Build.0 = Release|Win32
		{795A208B-6344-4A41-9875-821316A6762C}.Release|x64.ActiveCfg = Release|Win32
		{1B0FDC6F-3FD3-4D25-8372-B3B505F3F6CB}.Debug_md|Win32.ActiveCfg = Debug|Win32
		{1B0FDC6F-3FD3-4D25-8372-B3B505F3F6CB}.Debug_md|Win32.Build.0 = Debug|Win32
		{1B0FDC6F-3FD3-4D25-8372-B3B505F3F6CB}.Debug_md|x64.ActiveCfg = Debug|Win32
		{1B0FDC6F-3FD3-4D25-8372-B3B505F3F6CB}.Debug_mt|Win32.ActiveCfg = Debug|Win32
		{1B0FDC6F-3FD3-4D25-8372-B3B505F3F6CB}.Debug_mt|Win32.Build.0 = Debug|Win32
		{1B0FDC6F-3FD3-4D25-8372-B3B505F3F6CB}.Debug_mt|x64.ActiveCfg = Debug|Win32
		{1B0FDC6F-3FD3-4D25-8372-B3B505F3F6CB}.Debug|Win32.ActiveCfg = Debug|Win32
		{1B0FDC6F-3FD3-4D25-8372-B3B505F3F6CB}.Debug|Win32.Build.0 = Debug|Win32
		{1B0FDC6F-3FD3-4D25-8372-B3B505F3F6CB}.Debug|x64.ActiveCfg = Debug|Win32
		{1B0FDC6F-3FD3-4D25-8372-B3B505F3F6CB}.Profile|Win32.ActiveCfg = Release|Win32
		{1B0FDC6F-3FD3-4D25-8372-B3B505F3F6CB}.Profile|Win32.Build.0 = Release|Win32
		{1B0FDC6F-3FD3-4D25-8372-B3B505F3F6CB}.Profile|x64.ActiveCfg = Release|Win32
		{1B0FDC6F-3FD3-4D25-8372-B3B505F3F6CB}.Release_md|Win32.ActiveCfg = Release|Win32
		{1B0FDC6F-3FD3-4D25-8372-B3B505F3F6CB}.Release_md|Win32.Build.0 = Release|Win32
		{1B0FDC6F-3FD3-4D25-8372-B3B505F3F6CB}.Release_md|x64.ActiveCfg = Release|Win32
		{1B0FDC6F-3FD3-4D25-8372-B3B505F3F6CB}.Release_mt|Win32.ActiveCfg = Release|Win32
		{1B0FDC6F-3FD3-4D25-8372-B3B505F3F6CB}.Release_mt|Win32.Build.0 = Release|Win32
		{1B0FDC6F-3FD3-4D25-8372-B3B505F3F6CB}.Release_mt|x64.ActiveCfg = Release|Win32
		{1B0FDC6F-3FD3-4D25-8372-B3B505F3F6CB}.Release|Win32.ActiveCfg = Release|Win32
		{1B0FDC6F-3FD3-4D25-8372-B3B505F3F6CB}.Release|Win32.Build.0 = Release|Win32
		{1B0FDC6F-3FD3-4D25-8372-B3B505F3F6CB}.Release|x64.ActiveCfg = Release|Win32
		{AA89E084-0D92-4507-AD37-79EC45CB01E8}.Debug_md|Win32.ActiveCfg = Debug|Win32
		{AA89E084-0D92-4507-AD37-79EC45CB01E8}.Debug_md|Win32.Build.0 = Debug|Win32
		{AA89E084-0D92-4507-AD37-79EC45CB01E8}.Debug_md|x64.ActiveCfg = Debug|Win32
		{AA89E084-0D92-4507-AD37-79EC45CB01E8}.Debug_mt|Win32.ActiveCfg = Debug|Win32
		{AA89E084-0D92-4507-AD37-79EC45CB01E8}.Debug_mt|Win32.Build.0 = Debug|Win32
		{AA89E084-0D92-4507-AD37-79EC45CB01E8}.Debug_mt|x64.ActiveCfg = Debug|Win32
		{AA89E084-0D92-4507-AD37-79EC45CB01E8}.Debug|Win32.ActiveCfg = Debug|Win32
		{AA89E084-0D92-4507-AD37-79EC45CB01E8}.Debug|Win32.Build.0 = Debug|Win32
		{AA89E084-0D92-4507-AD37-79EC45CB01E8}.Debug|x64.ActiveCfg = Debug|Win32
		{AA89E084-0D92-4507-AD37-79EC45CB01E8}.Profile|Win32.ActiveCfg = Release|Win32
		{AA89E084-0D92-4507-AD37-79EC45CB01E8}.Profile|Win32.Build.0 = Release|Win32
		{AA89E084-0D92-4507-AD37-79EC45CB01E8}.Profile|x64.ActiveCfg = Release|Win32
		{AA89E084-0D92-4507-AD37-79EC45CB01E8}.Release_md|Win32.ActiveCfg = Release|Win32
		{AA89E084-0D92-4507-AD37-79EC45CB01E8}.Release_md|Win32.Build.0 = Release|Win32
		{AA89E084-0D92-4507-AD37-79EC45CB01E8}.Release_md|x64.ActiveCfg = Release|Win32
		{AA89E084-0D92-4507-AD37-79EC45CB01E8}.Release_mt|Win32.ActiveCfg = Release|Win32
		{AA89E084-0D92-4507-AD37-79EC45CB01E8}.Release_mt|Win32.Build.0 = Release|Win32
		{AA89E084-0D92-4507-AD37-79EC45CB01E8}.Release_mt|x64.ActiveCfg = Release|Win32
		{AA89E084-0D92-4507-AD37-79EC45CB01E8}.Release|Win32.ActiveCfg = Release|Win32
		{AA89E084-0D92-4507-AD37-79EC45CB01E8}.Release|Win32.Build.0 = Release|Win32
		{AA89E084-0D92-4507-AD37-79EC45CB01E8}.Release|x64.ActiveCfg = Release|Win32
		{AF007A9E-ECFE-4076-AC1F-3F4DDBDB1330}.Debug_md|Win32.ActiveCfg = Debug|Win32
		{AF007A9E-ECFE-4076-AC1F-3F4DDBDB1330}.Debug_md|Win32.Build.0 = Debug|Win32
		{AF007A9E-ECFE-4076-AC1F-3F4DDBDB1330}.Debug_md|x64.ActiveCfg = Debug|Win32
		{AF007A9E-ECFE-4076-AC1F-3F4DDBDB1330}.Debug_mt|Win32.ActiveCfg = Debug|Win32
		{AF007A9E-ECFE-4076-AC1F-3F4DDBDB1330}.Debug_mt|Win32.Build.0 = Debug|Win32
		{AF007A9E-ECFE-4076-AC1F-3F4DDBDB1330}.Debug_mt|x64.ActiveCfg = Debug|Win32
		{AF007A9E-ECFE-4076-AC1F-3F4DDBDB1330}.Debug|Win32.ActiveCfg = Debug|Win32
		{AF007A9E-ECFE-4076-AC1F-3F4DDBDB1330}.Debug|Win32.Build.0 = Debug|Win32
		{AF007A9E-ECFE-4076-AC1F-3F4DDBDB1330}.Debug|x64.ActiveCfg = Debug|Win32
		{AF007A9E-ECFE-4076-AC1F-3F4DDBDB1330}.Profile|Win32.ActiveCfg = Release|Win32
		{AF007A9E-ECFE-4076-AC1F-3F4DDBDB1330}.Profile|Win32.Build.0 = Release|Win32
		{AF007A9E-ECFE-4076-AC1F-3F4DDBDB1330}.Profile|x64.ActiveCfg = Release|Win32
		{AF007A9E-ECFE-4076-AC1F-3F4DDBDB1330}.Release_md|Win32.ActiveCfg = Release|Win32
		{AF007A9E-ECFE-4076-AC1F-3F4DDBDB1330}.Release_md|Win32.Build.0 = Release|Win32
		{AF007A9E-ECFE-4076-AC1F-3F4DDBDB1330}.Release_md|x64.ActiveCfg = Release|Win32
		{AF007A9E-ECFE-4076-AC1F-3F4DDBDB1330}.Release_mt|Win32.ActiveCfg = Release|Win32
		{AF007A9E-ECFE-4076-AC1F-3F4DDBDB1330}.Release_mt|Win32.Build.0 = Release|Win32
		{AF007A9E-ECFE-4076-AC1F-3F4DDBDB1330}.Release_mt|x64.ActiveCfg = Release|Win32
		{AF007A9E-ECFE-4076-AC1F-3F4DDBDB1330}.Release|Win32.ActiveCfg = Release|Win32
		{AF007A9E-ECFE-4076-AC1F-3F4DDBDB1330}.Release|Win32.Build.0 = Release|Win32
		{AF007A9E-ECFE-4076-AC1F-3F4DDBDB1330}.Release|x64.ActiveCfg = Release|Win32
		{7B6BA5C5-5D99-4700-A893-3C2F5E3D41FE}.Debug_md|Win32.ActiveCfg = Debug|Win32
		{7B6BA5C5-5D99-4700-A893-3C2F5E3D41FE}.Debug_md|Win32.Build.0 = Debug|Win32
		{7B6BA5C5-5D99-4700-A893-3C2F5E3D41FE}.Debug_md|x64.ActiveCfg = Debug|Win32
		{7B6BA5C5-5D99-4700-A893-3C2F5E3D41FE}.Debug_mt|Win32.ActiveCfg = Debug|Win32
		{7B6BA5C5-5D99-4700-A893-3C2F5E3D41FE}.Debug_mt|Win32.Build.0 = Debug|Win32
		{7B6BA5C5-5D99-4700-A893-3C2F5E3D41FE}.Debug_mt|x64.ActiveCfg = Debug|Win32
		{7B6BA5C5-5D99-4700-A893-3C2F5E3D41FE}.Debug|Win32.ActiveCfg = Debug|Win32
		{7B6BA5C5-5D99-4700-A893-3C2F5E3D41FE}.Debug|Win32.Build.0 = Debug|Win32
		{7B6BA5C5-5D99-4700-A893-3C2F5E3D41FE}.Debug|x64.ActiveCfg = Debug|Win32
		{7B6BA5C5-5D99-4700-A893-3C2F5E3D41FE}.Profile|Win32.ActiveCfg = Release|Win32
		{7B6BA5C5-5D99-4700-A893-3C2F5E3D41FE}.Profile|Win32.Build.0 = Release|Win32
		{7B6BA5C5-5D99-4700-A893-3C2F5E3D41FE}.Profile|x64.ActiveCfg = Release|Win32
		{7B6BA5C5-5D99-4700-A893-3C2F5E3D41FE}.Release_md|Win32.ActiveCfg = Release|Win32
		{7B6BA5C5-5D99-4700-A893-3C2F5E3D41FE}.Release_md|Win32.Build.0 = Release|Win32
		{7B6BA5C5-5D99-4700-A893-3C2F5E3D41FE}.Release_md|x64.ActiveCfg = Release|Win32
		{7B6BA5C5-5D99-4700-A893-3C2F5E3D41FE}.Release_mt|Win32.ActiveCfg = Release|Win32
		{7B6BA5C5-5D99-4700-A893-3C2F5E3D41FE}.Release_mt|Win32.Build.0 = Release|Win32
		{7B6BA5C5-5D99-4700-A893-3C2F5E3D41FE}.Release_mt|x64.ActiveCfg = Release|Win32
		{7B6BA5C5-5D99-4700-A893-3C2F5E3D41FE}.Release|Win32.ActiveCfg = Release|Win32
		{7B6BA5C5-5D99-4700-A893-3C2F5E3D41FE}.Release|Win32.Build.0 = Release|Win32
		{7B6BA5C5-5D99-4700-A893-3C2F5E3D41FE}.Release|x64.ActiveCfg = Release|Win32
		{2882473A-6A78-4822-AE69-FF8858FB2CEF}.Debug_md|Win32.ActiveCfg = Debug|Win32
		{2882473A-6A78-4822-AE69-FF8858FB2CEF}.Debug_md|Win32.Build.0 = Debug|Win32
		{2882473A-6A78-4822-AE69-FF8858FB2CEF}.Debug_md|x64.ActiveCfg = Debug|Win32
		{2882473A-6A78-4822-AE69-FF8858FB2CEF}.Debug_mt|Win32.ActiveCfg = Debug|Win32
		{2882473A-6A78-4822-AE69-FF8858FB2CEF}.Debug_mt|Win32.Build.0 = Debug|Win32
		{2882473A-6A78-4822-AE69-FF8858FB2CEF}.Debug_mt|x64.ActiveCfg = Debug|Win32
		{2882473A-6A78-4822-AE69-FF8858FB2CEF}.Debug|Win32.ActiveCfg = Debug|Win32
		{2882473A-6A78-4822-AE69-FF8858FB2CEF}.Debug|Win32.Build.0 = Debug|Win32
		{2882473A-6A78-4822-AE69-FF8858FB2CEF}.Debug|x64.ActiveCfg = Debug|Win32
		{2882473A-6A78-4822-AE69-FF8858FB2CEF}.Profile|Win32.ActiveCfg = Release|Win32
		{2882473A-6A78-4822-AE69-FF8858FB2CEF}.Profile|Win32.Build.0 = Release|Win32
		{2882473A-6A78-4822-AE69-FF8858FB2CEF}.Profile|x64.ActiveCfg = Release|Win32
		{2882473A-6A78-4822-AE69-FF8858FB2CEF}.Release_md|Win32.ActiveCfg = Release|Win32
		{2882473A-6A78-4822-AE69-FF8858FB2CEF}.Release_md|Win32.Build.0 = Release|Win32
		{2882473A-6A78-4822-AE69-FF8858FB2CEF}.Release_md|x64.ActiveCfg = Release|Win32
		{2882473A-6A78-4822-AE69-FF8858FB2CEF}.Release_mt|Win32.ActiveCfg = Release|Win32
		{2882473A-6A78-4822-AE69-FF8858FB2CEF}.Release_mt|Win32.Build.0 = Release|Win32
		{2882473A-6A78-4822-AE69-FF8858FB2CEF}.Release_mt|x64.ActiveCfg = Release|Win32
		{2882473A-6A78-4822-AE69-FF8858FB2CEF}.Release|Win32.ActiveCfg = Release|Win32
		{2882473A-6A78-4822-AE69-FF8858FB2CEF}.Release|Win32.Build.0 = Release|Win32
		{2882473A-6A78-4822-AE69-FF8858FB2CEF}.Release|x64.ActiveCfg = Release|Win32
		{D6EEB494-0D12-43E7-8011-1A6BDC7BAB3D}.Debug_md|Win32.ActiveCfg = Debug|Win32
		{D6EEB494-0D12-43E7-8011-1A6BDC7BAB3D}.Debug_md|Win32.Build.0 = Debug|Win32
		{D6EEB494-0D12-43E7-8011-1A6BDC7BAB3D}.Debug_md|x64.ActiveCfg = Debug|Win32
		{D6EEB494-0D12-43E7-8011-1A6BDC7BAB3D}.Debug_mt|Win32.ActiveCfg = Debug|Win32
		{D6EEB494-0D12-43E7-8011-1A6BDC7BAB3D}.Debug_mt|Win32.Build.0 = Debug|Win32
		{D6EEB494-0D12-43E7-8011-1A6BDC7BAB3D}.Debug_mt|x64.ActiveCfg = Debug|Win32
		{D6EEB494-0D12-43E7-8011-1A6BDC7BAB3D}.Debug|Win32.ActiveCfg = Debug|Win32
		{D6EEB494-0D12-43E7-8011-1A6BDC7BAB3D}.Debug|Win32.Build.0 = Debug|Win32
		{D6EEB494-0D12-43E7-8011-1A6BDC7BAB3D}.Debug|x64.ActiveCfg = Debug|Win32
		{D6EEB494-0D12-43E7-8011-1A6BDC7BAB3D}.Profile|Win32.ActiveCfg = Release|Win32
		{D6EEB494-0D12-43E7-8011-1A6BDC7BAB3D}.Profile|Win32.Build.0 = Release|Win32
		{D6EEB494-0D12-43E7-8011-1A6BDC7BAB3D}.Profile|x64.ActiveCfg = Release|Win32
		{D6EEB494-0D12-43E7-8011-1A6BDC7BAB3D}.Release_md|Win32.ActiveCfg = Release|Win32
		{D6EEB494-0D12-43E7-8011-1A6BDC7BAB3D}.Release_md|Win32.Build.0 = Release|Win32
		{D6EEB494-0D12-43E7-8011-1A6BDC7BAB3D}.Release_md|x64.ActiveCfg = Release|Win32
		{D6EEB494-0D12-43E7-8011-1A6BDC7BAB3D}.Release_mt|Win32.ActiveCfg = Release|Win32
		{D6EEB494-0D12-43E7-8011-1A6BDC7BAB3D}.Release_mt|Win32.Build.0 = Release|Win32
		{D6EEB494-0D12-43E7-8011-1A6BDC7BAB3D}.Release_mt|x64.ActiveCfg = Release|Win32
		{D6EEB494-0D12-43E7-8011-1A6BDC7BAB3D}.Release|Win32.ActiveCfg = Release|Win32
		{D6EEB494-0D12-43E7-8011-1A6BDC7BAB3D}.Release|Win32.Build.0 = Release|Win32
		{D6EEB494-0D12-43E7-8011-1A6BDC7BAB3D}.Release|x64.ActiveCfg = Release|Win32
		{FAADB07B-E89A-4B9A-891C-BA96F3070ADC}.Debug_md|Win32.ActiveCfg = Debug|Win32
		{FAADB07B-E89A-4B9A-891C-BA96F3070ADC}.Debug_md|Win32.Build.0 = Debug|Win32
		{FAADB07B-E89A-4B9A-891C-BA96F3070ADC}.Debug_md|x64.ActiveCfg = Debug|Win32
		{FAADB07B-E89A-4B9A-891C-BA96F3070ADC}.Debug_mt|Win32.ActiveCfg = Debug|Win32
		{FAADB07B-E89A-4B9A-891C-BA96F3070ADC}.Debug_mt|Win32.Build.0 = Debug|Win32
		{FAADB07B-E89A-4B9A-891C-BA96F3070ADC}.Debug_mt|x64.ActiveCfg = Debug|Win32
		{FAADB07B-E89A-4B9A-891C-BA96F3070ADC}.Debug|Win32.ActiveCfg = Debug|Win32
		{FAADB07B-E89A-4B9A-891C-BA96F3070ADC}.Debug|Win32.Build.0 = Debug|Win32
		{FAADB07B-E89A-4B9A-891C-BA96F3070ADC}.Debug|x64.ActiveCfg = Debug|Win32
		{FAADB07B-E89A-4B9A-891C-BA96F3070ADC}.Profile|Win32.ActiveCfg = Release|Win32
		{FAADB07B-E89A-4B9A-891C-BA96F3070ADC}.Profile|Win32.Build.0 = Release|Win32
		{FAADB07B-E89A-4B9A-891C-BA96F3070ADC}.Profile|x64.ActiveCfg = Release|Win32
		{FAADB07B-E89A-4B9A-891C-BA96F3070ADC}.Release_md|Win32.ActiveCfg = Release|Win32
		{FAADB07B-E89A-4B9A-891C-BA96F3070ADC}.Release_md|Win32.Build.0 = Release|Win32
		{FAADB07B-E89A-4B9A-891C-BA96F3070ADC}.Release_md|x64.ActiveCfg = Release|Win32
		{FAADB07B-E89A-4B9A-891C-BA96F3070ADC}.Release_mt|Win32.ActiveCfg = Release|Win32
		{FAADB07B-E89A-4B9A-891C-BA96F3070ADC}.Release_mt|Win32.Build.0 = Release|Win32
		{FAADB07B-E89A-4B9A-891C-BA96F3070ADC}.Release_mt|x64.ActiveCfg = Release|Win32
		{FAADB07B-E89A-4B9A-891C-BA96F3070ADC}.Release|Win32.ActiveCfg = Release|Win32
		{FAADB07B-E89A-4B9A-891C-BA96F3070ADC}.Release|Win32.Build.0 = Release|Win32
		{FAADB07B-E89A-4B9A-891C-BA96F3070ADC}.Release|x64.ActiveCfg = Release|Win32
		{5EB2CCD9-F4C7-439F-A11C-35D9CF54EF0E}.Debug_md|Win32.ActiveCfg = Debug|Win32
		{5EB2CCD9-F4C7-439F-A11C-35D9CF54EF0E}.Debug_md|Win32.Build.0 = Debug|Win32
		{5EB2CCD9-F4C7-439F-A11C-35D9CF54EF0E}.Debug_md|x64.ActiveCfg = Debug|Win32
		{5EB2CCD9-F4C7-439F-A11C-35D9CF54EF0E}.Debug_mt|Win32.ActiveCfg = Debug|Win32
		{5EB2CCD9-F4C7-439F-A11C-35D9CF54EF0E}.Debug_mt|Win32.Build.0 = Debug|Win32
		{5EB2CCD9-F4C7-439F-A11C-35D9CF54EF0E}.Debug_mt|x64.ActiveCfg = Debug|Win32
		{5EB2CCD9-F4C7-439F-A11C-35D9CF54EF0E}.Debug|Win32.ActiveCfg = Debug|Win32
		{5EB2CCD9-F4C7-439F-A11C-35D9CF54EF0E}.Debug|Win32.Build.0 = Debug|Win32
		{5EB2CCD9-F4C7-439F-A11C-35D9CF54EF0E}.Debug|x64.ActiveCfg = Debug|Win32
		{5EB2CCD9-F4C7-439F-A11C-35D9CF54EF0E}.Profile|Win32.ActiveCfg = Release|Win32
		{5EB2CCD9-F4C7-439F-A11C-35D9CF54EF0E}.Profile|Win32.Build.0 = Release|Win32
		{5EB2CCD9-F4C7-439F-A11C-35D9CF54EF0E}.Profile|x64.ActiveCfg = Release|Win32
		{5EB2CCD9-F4C7-439F-A11C-35D9CF54EF0E}.Release_md|Win32.ActiveCfg = Release|Win32
		{5EB2CCD9-F4C7-439F-A11C-35D9CF54EF0E}.Release_md|Win32.Build.0 = Release|Win32
		{5EB2CCD9-F4C7-439F-A11C-35D9CF54EF0E}.Release_md|x64.ActiveCfg = Release|Win32
		{5EB2CCD9-F4C7-439F-A11C-35D9CF54EF0E}.Release_mt|Win32.ActiveCfg = Release|Win32
		{5EB2CCD9-F4C7-439F-A11C-35D9CF54EF0E}.Release_mt|Win32.Build.0 = Release|Win32
		{5EB2CCD9-F4C7-439F-A11C-35D9CF54EF0E}.Release_mt|x64.ActiveCfg = Release|Win32
		{5EB2CCD9-F4C7-439F-A11C-35D9CF54EF0E}.Release|Win32.ActiveCfg = Release|Win32
		{5EB2CCD9-F4C7-439F-A11C-35D9CF54EF0E}.Release|Win32.Build.0 = Release|Win32
		{5EB2CCD9-F4C7-439F-A11C-35D9CF54EF0E}.Release|x64.ActiveCfg = Release|Win32
		{641EBED2-699D-4682-9A06-EF5AB0D1DA92}.Debug_md|Win32.ActiveCfg = Debug|Win32
		{641EBED2-699D-4682-9A06-EF5AB0D1DA92}.Debug_md|Win32.Build.0 = Debug|Win32
		{641EBED2-699D-4682-9A06-EF5AB0D1DA92}.Debug_md|x64.ActiveCfg = Debug|Win32
		{641EBED2-699D-4682-9A06-EF5AB0D1DA92}.Debug_mt|Win32.ActiveCfg = Debug|Win32
		{641EBED2-699D-4682-9A06-EF5AB0D1DA92}.Debug_mt|Win32.Build.0 = Debug|Win32
		{641EBED2-699D-4682-9A06-EF5AB0D1DA92}.Debug_mt|x64.ActiveCfg = Debug|Win32
		{641EBED2-699D-4682-9A06-EF5AB0D1DA92}.Debug|Win32.ActiveCfg = Debug|Win32
		{641EBED2-699D-4682-9A06-EF5AB0D1DA92}.Debug|Win32.Build.0 = Debug|Win32
		{641EBED2-699D-4682-9A06-EF5AB0D1DA92}.Debug|x64.ActiveCfg = Debug|Win32
		{641EBED2-699D-4682-9A06-EF5AB0D1DA92}.Profile|Win32.ActiveCfg = Release|Win32
		{641EBED2-699D-4682-9A06-EF5AB0D1DA92}.Profile|Win32.Build.0 = Release|Win32
		{641EBED2-699D-4682-9A06-EF5AB0D1DA92}.Profile|x64.ActiveCfg = Release|Win32
		{641EBED2-699D-4682-9A06-EF5AB0D1DA92}.Release_md|Win32.ActiveCfg = Release|Win32
		{641EBED2-699D-4682-9A06-EF5AB0D1DA92}.Release_md|Win32.Build.0 = Release|Win32
		{641EBED2-699D-4682-9A06-EF5AB0D1DA92}.Release_md|x64.ActiveCfg = Release|Win32
		{641EBED2-699D-4682-9A06-EF5AB0D1DA92}.Release_mt|Win32.ActiveCfg = Release|Win32
		{641EBED2-699D-4682-9A06-EF5AB0D1DA92}.Release_mt|Win32.Build.0 = Release|Win32
		{641EBED2-699D-4682-9A06-EF5AB0D1DA92}.Release_mt|x64.ActiveCfg = Release|Win32
		{641EBED2-699D-4682-9A06-EF5AB0D1DA92}.Release|Win32.ActiveCfg = Release|Win32
		{641EBED2-699D-4682-9A06-EF5AB0D1DA92}.Release|Win32.Build.0 = Release|Win32
		{641EBED2-699D-4682-9A06-EF5AB0D1DA92}.Release|x64.ActiveCfg = Release|Win32
		{13DC6DB7-A99F-417E-AAC1-310A98B4D237}.Debug_md|Win32.ActiveCfg = Debug|Win32
		{13DC6DB7-A99F-417E-AAC1-310A98B4D237}.Debug_md|Win32.Build.0 = Debug|Win32
		{13DC6DB7-A99F-417E-AAC1-310A98B4D237}.Debug_md|x64.ActiveCfg = Debug|Win32
		{13DC6DB7-A99F-417E-AAC1-310A98B4D237}.Debug_mt|Win32.ActiveCfg = Debug|Win32
		{13DC6DB7-A99F-417E-AAC1-310A98B4D237}.Debug_mt|Win32.Build.0 = Debug|Win32
		{13DC6DB7-A99F-417E-AAC1-310A98B4D237}.Debug_mt|x64.ActiveCfg = Debug|Win32
		{13DC6DB7-A99F-417E-AAC1-310A98B4D237}.Debug|Win32.ActiveCfg = Debug|Win32
		{13DC6DB7-A99F-417E-AAC1-310A98B4D237}.Debug|Win32.Build.0 = Debug|Win32
		{13DC6DB7-A99F-417E-AAC1-310A98B4D237}.Debug|x64.ActiveCfg = Debug|Win32
		{13DC6DB7-A99F-417E-AAC1-310A98B4D237}.Profile|Win32.ActiveCfg = Release|Win32
		{13DC6DB7-A99F-417E-AAC1-310A98B4D237}.Profile|Win32.Build.0 = Release|Win32
		{13DC6DB7-A99F-417E-AAC1-310A98B4D237}.Profile|x64.ActiveCfg = Release|Win32
		{13DC6DB7-A99F-417E-AAC1-310A98B4D237}.Release_md|Win32.ActiveCfg = Release|Win32
		{13DC6DB7-A99F-417E-AAC1-310A98B4D237}.Release_md|Win32.Build.0 = Release|Win32
		{13DC6DB7-A99F-417E-AAC1-310A98B4D237}.Release_md|x64.ActiveCfg = Release|Win32
		{13DC6DB7-A99F-417E-AAC1-310A98B4D237}.Release_mt|Win32.ActiveCfg = Release|Win32
		{13DC6DB7-A99F-417E-AAC1-310A98B4D237}.Release_mt|Win32.Build.0 = Release|Win32
		{13DC6DB7-A99F-417E-AAC1-310A98B4D237}.Release_mt|x64.ActiveCfg = Release|Win32
		{13DC6DB7-A99F-417E-AAC1-310A98B4D237}.Release|Win32.ActiveCfg = Release|Win32
		{13DC6DB7-A99F-417E-AAC1-310A98B4D237}.Release|Win32.Build.0 = Release|Win32
		{13DC6DB7-A99F-417E-AAC1-310A98B4D237}.Release|x64.ActiveCfg = Release|Win32
		{F7752F31-03B7-4157-959A-4ED80F44C16D}.Debug_md|Win32.ActiveCfg = Debug|Win32
		{F7752F31-03B7-4157-959A-4ED80F44C16D}.Debug_md|Win32.Build.0 = Debug|Win32
		{F7752F31-03B7-4157-959A-4ED80F44C16D}.Debug_md|x64.ActiveCfg = Debug|Win32
		{F7752F31-03B7-4157-959A-4ED80F44C16D}.Debug_mt|Win32.ActiveCfg = Debug|Win32
		{F7752F31-03B7-4157-959A-4ED80F44C16D}.Debug_mt|Win32.Build.0 = Debug|Win32
		{F7752F31-03B7-4157-959A-4ED80F44C16D}.Debug_mt|x64.ActiveCfg = Debug|Win32
		{F7752F31-03B7-4157-959A-4ED80F44C16D}.Debug|Win32.ActiveCfg = Debug|Win32
		{F7752F31-03B7-4157-959A-4ED80F44C16D}.Debug|Win32.Build.0 = Debug|Win32
		{F7752F31-03B7-4157-959A-4ED80F44C16D}.Debug|x64.ActiveCfg = Debug|Win32
		{F7752F31-03B7-4157-959A-4ED80F44C16D}.Profile|Win32.ActiveCfg = Release|Win32
		{F7752F31-03B7-4157-959A-4ED80F44C16D}.Profile|Win32.Build.0 = Release|Win32
		{F7752F31-03B7-4157-959A-4ED80F44C16D}.Profile|x64.ActiveCfg = Release|Win32
		{F7752F31-03B7-4157-959A-4ED80F44C16D}.Release_md|Win32.ActiveCfg = Release|Win32
		{F7752F31-03B7-4157-959A-4ED80F44C16D}.Release_md|Win32.Build.0 = Release|Win32
		{F7752F31-03B7-4157-959A-4ED80F44C16D}.Release_md|x64.ActiveCfg = Release|Win32
		{F7752F31-03B7-4157-959A-4ED80F44C16D}.Release_mt|Win32.ActiveCfg = Release|Win32
		{F7752F31-03B7-4157-959A-4ED80F44C16D}.Release_mt|Win32.Build.0 = Release|Win32
		{F7752F31-03B7-4157-959A-4ED80F44C16D}.Release_mt|x64.ActiveCfg = Release|Win32
		{F7752F31-03B7-4157-959A-4ED80F44C16D}.Release|Win32.ActiveCfg = Release|Win32
		{F7752F31-03B7-4157-959A-4ED80F44C16D}.Release|Win32.Build.0 = Release|Win32
		{F7752F31-03B7-4157-959A-4ED80F44C16D}.Release|x64.ActiveCfg = Release|Win32
		{1E14079D-0FC3-46C5-BAF3-478ECB4C58A4}.Debug_md|Win32.ActiveCfg = Debug|Win32
		{1E14079D-0FC3-46C5-BAF3-478ECB4C58A4}.Debug_md|Win32.Build.0 = Debug|Win32
		{1E14079D-0FC3-46C5-BAF3-478ECB4C58A4}.Debug_md|x64.ActiveCfg = Debug|Win32
		{1E14079D-0FC3-46C5-BAF3-478ECB4C58A4}.Debug_mt|Win32.ActiveCfg = Debug|Win32
		{1E14079D-0FC3-46C5-BAF3-478ECB4C58A4}.Debug_mt|Win32.Build.0 = Debug|Win32
		{1E14079D-0FC3-46C5-BAF3-478ECB4C58A4}.Debug_mt|x64.ActiveCfg = Debug|Win32
		{1E14079D-0FC3-46C5-BAF3-478ECB4C58A4}.Debug|Win32.ActiveCfg = Debug|Win32
		{1E14079D-0FC3-46C5-BAF3-478ECB4C58A4}.Debug|Win32.Build.0 = Debug|Win32
		{1E14079D-0FC3-46C5-BAF3-478ECB4C58A4}.Debug|x64.ActiveCfg = Debug|Win32
		{1E14079D-0FC3-46C5-BAF3-478ECB4C58A4}.Profile|Win32.ActiveCfg = Release|Win32
		{1E14079D-0FC3-46C5-BAF3-478ECB4C58A4}.Profile|Win32.Build.0 = Release|Win32
		{1E14079D-0FC3-46C5-BAF3-478ECB4C58A4}.Profile|x64.ActiveCfg = Release|Win32
		{1E14079D-0FC3-46C5-BAF3-478ECB4C58A4}.Release_md|Win32.ActiveCfg = Release|Win32
		{1E14079D-0FC3-46C5-BAF3-478ECB4C58A4}.Release_md|Win32.Build.0 = Release|Win32
		{1E14079D-0FC3-46C5-BAF3-478ECB4C58A4}.Release_md|x64.ActiveCfg = Release|Win32
		{1E14079D-0FC3-46C5-BAF3-478ECB4C58A4}.Release_mt|Win32.ActiveCfg = Release|Win32
		{1E14079D-0FC3-46C5-BAF3-478ECB4C58A4}.Release_mt|Win32.Build.0 = Release|Win32
		{1E14079D-0FC3-46C5-BAF3-478ECB4C58A4}.Release_mt|x64.ActiveCfg = Release|Win32
		{1E14079D-0FC3-46C5-BAF3-478ECB4C58A4}.Release|Win32.ActiveCfg = Release|Win32
		{1E14079D-0FC3-46C5-BAF3-478ECB4C58A4}.Release|Win32.Build.0 = Release|Win32
		{1E14079D-0FC3-46C5-BAF3-478ECB4C58A4}.Release|x64.ActiveCfg = Release|Win32
		{51F2E16D-E923-431D-B09C-E4DB88ECC351}.Debug_md|Win32.ActiveCfg = Debug|Win32
		{51F2E16D-E923-431D-B09C-E4DB88ECC351}.Debug_md|Win32.Build.0 = Debug|Win32
		{51F2E16D-E923-431D-B09C-E4DB88ECC351}.Debug_md|x64.ActiveCfg = Debug|Win32
		{51F2E16D-E923-431D-B09C-E4DB88ECC351}.Debug_mt|Win32.ActiveCfg = Debug|Win32
		{51F2E16D-E923-431D-B09C-E4DB88ECC351}.Debug_mt|Win32.Build.0 = Debug|Win32
		{51F2E16D-E923-431D-B09C-E4DB88ECC351}.Debug_mt|x64.ActiveCfg = Debug|Win32
		{51F2E16D-E923-431D-B09C-E4DB88ECC351}.Debug|Win32.ActiveCfg = Debug|Win32
		{51F2E16D-E923-431D-B09C-E4DB88ECC351}.Debug|Win32.Build.0 = Debug|Win32
		{51F2E16D-E923-431D-B09C-E4DB88ECC351}.Debug|x64.ActiveCfg = Debug|Win32
		{51F2E16D-E923-431D-B09C-E4DB88ECC351}.Profile|Win32.ActiveCfg = Release|Win32
		{51F2E16D-E923-431D-B09C-E4DB88ECC351}.Profile|Win32.Build.0 = Release|Win32
		{51F2E16D-E923-431D-B09C-E4DB88ECC351}.Profile|x64.ActiveCfg = Release|Win32
		{51F2E16D-E923-431D-B09C-E4DB88ECC351}.Release_md|Win32.ActiveCfg = Release|Win32
		{51F2E16D-E923-431D-B09C-E4DB88ECC351}.Release_md|Win32.Build.0 = Release|Win32
		{51F2E16D-E923-431D-B09C-E4DB88ECC351}.Release_md|x64.ActiveCfg = Release|Win32
		{51F2E16D-E923-431D-B09C-E4DB88ECC351}.Release_mt|Win32.ActiveCfg = Release|Win32
		{51F2E16D-E923-431D-B09C-E4DB88ECC351}.Release_mt|Win32.Build.0 = Release|Win32
		{51F2E16D-E923-431D-B09C-E4DB88ECC351}.Release_mt|x64.ActiveCfg = Release|Win32
		{51F2E16D-E923-431D-B09C-E4DB88ECC351}.Release|Win32.ActiveCfg = Release|Win32
		{51F2E16D-E923-431D-B09C-E4DB88ECC351}.Release|Win32.Build.0 = Release|Win32
		{51F2E16D-E923-431D-B09C-E4DB88ECC351}.Release|x64.ActiveCfg = Release|Win32
		{16382F6C-22CF-4205-8E1E-EAF011C51216}.Debug_md|Win32.ActiveCfg = Debug|Win32
		{16382F6C-22CF-4205-8E1E-EAF011C51216}.Debug_md|Win32.Build.0 = Debug|Win32
		{16382F6C-22CF-4205-8E1E-EAF011C51216}.Debug_md|x64.ActiveCfg = Debug|Win32
		{16382F6C-22CF-4205-8E1E-EAF011C51216}.Debug_mt|Win32.ActiveCfg = Debug|Win32
		{16382F6C-22CF-4205-8E1E-EAF011C51216}.Debug_mt|Win32.Build.0 = Debug|Win32
		{16382F6C-22CF-4205-8E1E-EAF011C51216}.Debug_mt|x64.ActiveCfg = Debug|Win32
		{16382F6C-22CF-4205-8E1E-EAF011C51216}.Debug|Win32.ActiveCfg = Debug|Win32
		{16382F6C-22CF-4205-8E1E-EAF011C51216}.Debug|Win32.Build.0 = Debug|Win32
		{16382F6C-22CF-4205-8E1E-EAF011C51216}.Debug|x64.ActiveCfg = Debug|Win32
		{16382F6C-22CF-4205-8E1E-EAF011C51216}.Profile|Win32.ActiveCfg = Release|Win32
		{16382F6C-22CF-4205-8E1E-EAF011C51216}.Profile|Win32.Build.0 = Release|Win32
		{16382F6C-22CF-4205-8E1E-EAF011C51216}.Profile|x64.ActiveCfg = Release|Win32
		{16382F6C-22CF-4205-8E1E-EAF011C51216}.Release_md|Win32.ActiveCfg = Release|Win32
		{16382F6C-22CF-4205-8E1E-EAF011C51216}.Release_md|Win32.Build.0 = Release|Win32
		{16382F6C-22CF-4205-8E1E-EAF011C51216}.Release_md|x64.ActiveCfg = Release|Win32
		{16382F6C-22CF-4205-8E1E-EAF011C51216}.Release_mt|Win32.ActiveCfg = Release|Win32
		{16382F6C-22CF-4205-8E1E-EAF011C51216}.Release_mt|Win32.Build.0 = Release|Win32
		{16382F6C-22CF-4205-8E1E-EAF011C51216}.Release_mt|x64.ActiveCfg = Release|Win32
		{16382F6C-22CF-4205-8E1E-EAF011C51216}.Release|Win32.ActiveCfg = Release|Win32
		{16382F6C-22CF-4205-8E1E-EAF011C51216}.Release|Win32.Build.0 = Release|Win32
		{16382F6C-22CF-4205-8E1E-EAF011C51216}.Release|x64.ActiveCfg = Release|Win32
		{43FA2A2E-0C06-4380-B4A2-7DBACD4DCF51}.Debug_md|Win32.ActiveCfg = Debug|Win32
		{43FA2A2E-0C06-4380-B4A2-7DBACD4DCF51}.Debug_md|Win32.Build.0 = Debug|Win32
		{43FA2A2E-0C06-4380-B4A2-7DBACD4DCF51}.Debug_md|x64.ActiveCfg = Debug|Win32
		{43FA2A2E-0C06-4380-B4A2-7DBACD4DCF51}.Debug_mt|Win32.ActiveCfg = Debug|Win32
		{43FA2A2E-0C06-4380-B4A2-7DBACD4DCF51}.Debug_mt|Win32.Build.0 = Debug|Win32
		{43FA2A2E-0C06-4380-B4A2-7DBACD4DCF51}.Debug_mt|x64.ActiveCfg = Debug|Win32
		{43FA2A2E-0C06-4380-B4A2-7DBACD4DCF51}.Debug|Win32.ActiveCfg = Debug|Win32
		{43FA2A2E-0C06-4380-B4A2-7DBACD4DCF51}.Debug|Win32.Build.0 = Debug|Win32
		{43FA2A2E-0C06-4380-B4A2-7DBACD4DCF51}.Debug|x64.ActiveCfg = Debug|Win32
		{43FA2A2E-0C06-4380-B4A2-7DBACD4DCF51}.Profile|Win32.ActiveCfg = Release|Win32
		{43FA2A2E-0C06-4380-B4A2-7DBACD4DCF51}.Profile|Win32.Build.0 = Release|Win32
		{43FA2A2E-0C06-4380-B4A2-7DBACD4DCF51}.Profile|x64.ActiveCfg = Release|Win32
		{43FA2A2E-0C06-4380-B4A2-7DBACD4DCF51}.Release_md|Win32.ActiveCfg = Release|Win32
		{43FA2A2E-0C06-4380-B4A2-7DBACD4DCF51}.Release_md|Win32.Build.0 = Release|Win32
		{43FA2A2E-0C06-4380-B4A2-7DBACD4DCF51}.Release_md|x64.ActiveCfg = Release|Win32
		{43FA2A2E-0C06-4380-B4A2-7DBACD4DCF51}.Release_mt|Win32.ActiveCfg = Release|Win32
		{43FA2A2E-0C06-4380-B4A2-7DBACD4DCF51}.Release_mt|Win32.Build.0 = Release|Win32
		{43FA2A2E-0C06-4380-B4A2-7DBACD4DCF51}.Release_mt|x64.ActiveCfg = Release|Win32
		{43FA2A2E-0C06-4380-B4A2-7DBACD4DCF51}.Release|Win32.ActiveCfg = Release|Win32
		{43FA2A2E-0C06-4380-B4A2-7DBACD4DCF51}.Release|Win32.Build.0 = Release|Win32
		{43FA2A2E-0C06-4380-B4A2-7DBACD4DCF51}.Release|x64.ActiveCfg = Release|Win32
		{F2C1C1E9-368B-4833-A23E-39BD7829244F}.Debug_md|Win32.ActiveCfg = Debug|Win32
		{F2C1C1E9-368B-4833-A23E-39BD7829244F}.Debug_md|Win32.Build.0 = Debug|Win32
		{F2C1C1E9-368B-4833-A23E-39BD7829244F}.Debug_md|x64.ActiveCfg = Debug|Win32
		{F2C1C1E9-368B-4833-A23E-39BD7829244F}.Debug_mt|Win32.ActiveCfg = Debug|Win32
		{F2C1C1E9-368B-4833-A23E-39BD7829244F}.Debug_mt|Win32.Build.0 = Debug|Win32
		{F2C1C1E9-368B-4833-A23E-39BD7829244F}.Debug_mt|x64.ActiveCfg = Debug|Win32
		{F2C1C1E9-368B-4833-A23E-39BD7829244F}.Debug|Win32.ActiveCfg = Debug|Win32
		{F2C1C1E9-368B-4833-A23E-39BD7829244F}.Debug|Win32.Build.0 = Debug|Win32
		{F2C1C1E9-368B-4833-A23E-39BD7829244F}.Debug|x64.ActiveCfg = Debug|Win32
		{F2C1C1E9-368B-4833-A23E-39BD7829244F}.Profile|Win32.ActiveCfg = Release|Win32
		{F2C1C1E9-368B-4833-A23E-39BD7829244F}.Profile|Win32.Build.0 = Release|Win32
		{F2C1C1E9-368B-4833-A23E-39BD7829244F}.Profile|x64.ActiveCfg = Release|Win32
		{F2C1C1E9-368B-4833-A23E-39BD7829244F}.Release_md|Win32.ActiveCfg = Release|Win32
		{F2C1C1E9-368B-4833-A23E-39BD7829244F}.Release_md|Win32.Build.0 = Release|Win32
		{F2C1C1E9-368B-4833-A23E-39BD7829244F}.Release_md|x64.ActiveCfg = Release|Win32
		{F2C1C1E9-368B-4833-A23E-39BD7829244F}.Release_mt|Win32.ActiveCfg = Release|Win32
		{F2C1C1E9-368B-4833-A23E-39BD7829244F}.Release_mt|Win32.Build.0 = Release|Win32
		{F2C1C1E9-368B-4833-A23E-39BD7829244F}.Release_mt|x64.ActiveCfg = Release|Win32
		{F2C1C1E9-368B-4833-A23E-39BD7829244F}.Release|Win32.ActiveCfg = Release|Win32
		{F2C1C1E9-368B-4833-A23E-39BD7829244F}.Release|Win32.Build.0 = Release|Win32
		{F2C1C1E9-368B-4833-A23E-39BD7829244F}.Release|x64.ActiveCfg = Release|Win32
		{ACB6C69A-E719-4228-A30A-74E5D78F5D9B}.Debug_md|Win32.ActiveCfg = Debug|Win32
		{ACB6C69A-E719-4228-A30A-74E5D78F5D9B}.Debug_md|Win32.Build.0 = Debug|Win32
		{ACB6C69A-E719-4228-A30A-74E5D78F5D9B}.Debug_md|x64.ActiveCfg = Debug|Win32
		{ACB6C69A-E719-4228-A30A-74E5D78F5D9B}.Debug_mt|Win32.ActiveCfg = Debug|Win32
		{ACB6C69A-E719-4228-A30A-74E5D78F5D9B}.Debug_mt|Win32.Build.0 = Debug|Win32
		{ACB6C69A-E719-4228-A30A-74E5D78F5D9B}.Debug_mt|x64.ActiveCfg = Debug|Win32
		{ACB6C69A-E719-4228-A30A-74E5D78F5D9B}.Debug|Win32.ActiveCfg = Debug|Win32
		{ACB6C69A-E719-4228-A30A-74E5D78F5D9B}.Debug|Win32.Build.0 = Debug|Win32
		{ACB6C69A-E719-4228-A30A-74E5D78F5D9B}.Debug|x64.ActiveCfg = Debug|Win32
		{ACB6C69A-E719-4228-A30A-74E5D78F5D9B}.Profile|Win32.ActiveCfg = Release|Win32
		{ACB6C69A-E719-4228-A30A-74E5D78F5D9B}.Profile|Win32.Build.0 = Release|Win32
		{ACB6C69A-E719-4228-A30A-74E5D78F5D9B}.Profile|x64.ActiveCfg = Release|Win32
		{ACB6C69A-E719-4228-A30A-74E5D78F5D9B}.Release_md|Win32.ActiveCfg = Release|Win32
		{ACB6C69A-E719-4228-A30A-74E5D78F5D9B}.Release_md|Win32.Build.0 = Release|Win32
		{ACB6C69A-E719-4228-A30A-74E5D78F5D9B}.Release_md|x64.ActiveCfg = Release|Win32
		{ACB6C69A-E719-4228-A30A-74E5D78F5D9B}.Release_mt|Win32.ActiveCfg = Release|Win32
		{ACB6C69A-E719-4228-A30A-74E5D78F5D9B}.Release_mt|Win32.Build.0 = Release|Win32
		{ACB6C69A-E719-4228-A30A-74E5D78F5D9B}.Release_mt|x64.ActiveCfg = Release|Win32
		{ACB6C69A-E719-4228-A30A-74E5D78F5D9B}.Release|Win32.ActiveCfg = Release|Win32
		{ACB6C69A-E719-4228-A30A-74E5D78F5D9B}.Release|Win32.Build.0 = Release|Win32
		{ACB6C69A-E719-4228-A30A-74E5D78F5D9B}.Release|x64.ActiveCfg = Release|Win32
		{8F91A0A0-C497-45A9-A9D7-15638432DBC5}.Debug_md|Win32.ActiveCfg = Debug|Win32
		{8F91A0A0-C497-45A9-A9D7-15638432DBC5}.Debug_md|Win32.Build.0 = Debug|Win32
		{8F91A0A0-C497-45A9-A9D7-15638432DBC5}.Debug_md|x64.ActiveCfg = Debug|Win32
		{8F91A0A0-C497-45A9-A9D7-15638432DBC5}.Debug_mt|Win32.ActiveCfg = Debug|Win32
		{8F91A0A0-C497-45A9-A9D7-15638432DBC5}.Debug_mt|Win32.Build.0 = Debug|Win32
		{8F91A0A0-C497-45A9-A9D7-15638432DBC5}.Debug_mt|x64.ActiveCfg = Debug|Win32
		{8F91A0A0-C497-45A9-A9D7-15638432DBC5}.Debug|Win32.ActiveCfg = Debug|Win32
		{8F91A0A0-C497-45A9-A9D7-15638432DBC5}.Debug|Win32.Build.0 = Debug|Win32
		{8F91A0A0-C497-45A9-A9D7-15638432DBC5}.Debug|x64.ActiveCfg = Debug|Win32
		{8F91A0A0-C497-45A9-A9D7-15638432DBC5}.Profile|Win32.ActiveCfg = Release|Win32
		{8F91A0A0-C497-45A9-A9D7-15638432DBC5}.Profile|Win32.Build.0 = Release|Win32
		{8F91A0A0-C497-45A9-A9D7-15638432DBC5}.Profile|x64.ActiveCfg = Release|Win32
		{8F91A0A0-C497-45A9-A9D7-15638432DBC5}.Release_md|Win32.ActiveCfg = Release|Win32
		{8F91A0A0-C497-45A9-A9D7-15638432DBC5}.Release_md|Win32.Build.0 = Release|Win32
		{8F91A0A0-C497-45A9-A9D7-15638432DBC5}.Release_md|x64.ActiveCfg = Release|Win32
		{8F91A0A0-C497-45A9-A9D7-15638432DBC5}.Release_mt|Win32.ActiveCfg = Release|Win32
		{8F91A0A0-C497-45A9-A9D7-15638432DBC5}.Release_mt|Win32.Build.0 = Release|Win32
		{8F91A0A0-C497-45A9-A9D7-15638432DBC5}.Release_mt|x64.ActiveCfg = Release|Win32
		{8F91A0A0-C497-45A9-A9D7-15638432DBC5}.Release|Win32.ActiveCfg = Release|Win32
		{8F91A0A0-C497-45A9-A9D7-15638432DBC5}.Release|Win32.Build.0 = Release|Win32
		{8F91A0A0-C497-45A9-A9D7-15638432DBC5}.Release|x64.ActiveCfg = Release|Win32
		{78937924-5FFB-4976-91ED-CD07843DE437}.Debug_md|Win32.ActiveCfg = Debug|Win32
		{78937924-5FFB-4976-91ED-CD07843DE437}.Debug_md|Win32.Build.0 = Debug|Win32
		{78937924-5FFB-4976-91ED-CD07843DE437}.Debug_md|x64.ActiveCfg = Debug|Win32
		{78937924-5FFB-4976-91ED-CD07843DE437}.Debug_mt|Win32.ActiveCfg = Debug|Win32
		{78937924-5FFB-4976-91ED-CD07843DE437}.Debug_mt|Win32.Build.0 = Debug|Win32
		{78937924-5FFB-4976-91ED-CD07843DE437}.Debug_mt|x64.ActiveCfg = Debug|Win32
		{78937924-5FFB-4976-91ED-CD07843DE437}.Debug|Win32.ActiveCfg = Debug|Win32
		{78937924-5FFB-4976-91ED-CD07843DE437}.Debug|Win32.Build.0 = Debug|Win32
		{78937924-5FFB-4976-91ED-CD07843DE437}.Debug|x64.ActiveCfg = Debug|Win32
		{78937924-5FFB-4976-91ED-CD07843DE437}.Profile|Win32.ActiveCfg = Release|Win32
		{78937924-5FFB-4976-91ED-CD07843DE437}.Profile|Win32.Build.0 = Release|Win32
		{78937924-5FFB-4976-91ED-CD07843DE437}.Profile|x64.ActiveCfg = Release|Win32
		{78937924-5FFB-4976-91ED-CD07843DE437}.Release_md|Win32.ActiveCfg = Release|Win32
		{78937924-5FFB-4976-91ED-CD07843DE437}.Release_md|Win32.Build.0 = Release|Win32
		{78937924-5FFB-4976-91ED-CD07843DE437}.Release_md|x64.ActiveCfg = Release|Win32
		{78937924-5FFB-4976-91ED-CD07843DE437}.Release_mt|Win32.ActiveCfg = Release|Win32
		{78937924-5FFB-4976-91ED-CD07843DE437}.Release_mt|Win32.Build.0 = Release|Win32
		{78937924-5FFB-4976-91ED-CD07843DE437}.Release_mt|x64.ActiveCfg = Release|Win32
		{78937924-5FFB-4976-91ED-CD07843DE437}.Release|Win32.ActiveCfg = Release|Win32
		{78937924-5FFB-4976-91ED-CD07843DE437}.Release|Win32.Build.0 = Release|Win32
		{78937924-5FFB-4976-91ED-CD07843DE437}.Release|x64.ActiveCfg = Release|Win32
		{3E44D06B-0B39-4BDF-A92A-CEEF7805CED4}.Debug_md|Win32.ActiveCfg = Debug|Win32
		{3E44D06B-0B39-4BDF-A92A-CEEF7805CED4}.Debug_md|Win32.Build.0 = Debug|Win32
		{3E44D06B-0B39-4BDF-A92A-CEEF7805CED4}.Debug_md|x64.ActiveCfg = Debug|Win32
		{3E44D06B-0B39-4BDF-A92A-CEEF7805CED4}.Debug_mt|Win32.ActiveCfg = Debug|Win32
		{3E44D06B-0B39-4BDF-A92A-CEEF7805CED4}.Debug_mt|Win32.Build.0 = Debug|Win32
		{3E44D06B-0B39-4BDF-A92A-CEEF7805CED4}.Debug_mt|x64.ActiveCfg = Debug|Win32
		{3E44D06B-0B39-4BDF-A92A-CEEF7805CED4}.Debug|Win32.ActiveCfg = Debug|Win32
		{3E44D06B-0B39-4BDF-A92A-CEEF7805CED4}.Debug|Win32.Build.0 = Debug|Win32
		{3E44D06B-0B39-4BDF-A92A-CEEF7805CED4}.Debug|x64.ActiveCfg = Debug|Win32
		{3E44D06B-0B39-4BDF-A92A-CEEF7805CED4}.Profile|Win32.ActiveCfg = Release|Win32
		{3E44D06B-0B39-4BDF-A92A-CEEF7805CED4}.Profile|Win32.Build.0 = Release|Win32
		{3E44D06B-0B39-4BDF-A92A-CEEF7805CED4}.Profile|x64.ActiveCfg = Release|Win32
		{3E44D06B-0B39-4BDF-A92A-CEEF7805CED4}.Release_md|Win32.ActiveCfg = Release|Win32
		{3E44D06B-0B39-4BDF-A92A-CEEF7805CED4}.Release_md|Win32.Build.0 = Release|Win32
		{3E44D06B-0B39-4BDF-A92A-CEEF7805CED4}.Release_md|x64.ActiveCfg = Release|Win32
		{3E44D06B-0B39-4BDF-A92A-CEEF7805CED4}.Release_mt|Win32.ActiveCfg = Release|Win32
		{3E44D06B-0B39-4BDF-A92A-CEEF7805CED4}.Release_mt|Win32.Build.0 = Release|Win32
		{3E44D06B-0B39-4BDF-A92A-CEEF7805CED4}.Release_mt|x64.ActiveCfg = Release|Win32
		{3E44D06B-0B39-4BDF-A92A-CEEF7805CED4}.Release|Win32.ActiveCfg = Release|Win32
		{3E44D06B-0B39-4BDF-A92A-CEEF7805CED4}.Release|Win32.Build.0 = Release|Win32
		{3E44D06B-0B39-4BDF-A92A-CEEF7805CED4}.Release|x64.ActiveCfg = Release|Win32
		{4CD85167-D382-4989-BF82-350F179523A3}.Debug_md|Win32.ActiveCfg = Debug|Win32
		{4CD85167-D382-4989-BF82-350F179523A3}.Debug_md|Win32.Build.0 = Debug|Win32
		{4CD85167-D382-4989-BF82-350F179523A3}.Debug_md|x64.ActiveCfg = Debug|Win32
		{4CD85167-D382-4989-BF82-350F179523A3}.Debug_mt|Win32.ActiveCfg = Debug|Win32
		{4CD85167-D382-4989-BF82-350F179523A3}.Debug_mt|Win32.Build.0 = Debug|Win32
		{4CD85167-D382-4989-BF82-350F179523A3}.Debug_mt|x64.ActiveCfg = Debug|Win32
		{4CD85167-D382-4989-BF82-350F179523A3}.Debug|Win32.ActiveCfg = Debug|Win32
		{4CD85167-D382-4989-BF82-350F179523A3}.Debug|Win32.Build.0 = Debug|Win32
		{4CD85167-D382-4989-BF82-350F179523A3}.Debug|x64.ActiveCfg = Debug|Win32
		{4CD85167-D382-4989-BF82-350F179523A3}.Profile|Win32.ActiveCfg = Release|Win32
		{4CD85167-D382-4989-BF82-350F179523A3}.Profile|Win32.Build.0 = Release|Win32
		{4CD85167-D382-4989-BF82-350F179523A3}.Profile|x64.ActiveCfg = Release|Win32
		{4CD85167-D382-4989-BF82-350F179523A3}.Release_md|Win32.ActiveCfg = Release|Win32
		{4CD85167-D382-4989-BF82-350F179523A3}.Release_md|Win32.Build.0 = Release|Win32
		{4CD85167-D382-4989-BF82-350F179523A3}.Release_md|x64.ActiveCfg = Release|Win32
		{4CD85167-D382-4989-BF82-350F179523A3}.Release_mt|Win32.ActiveCfg = Release|Win32
		{4CD85167-D382-4989-BF82-350F179523A3}.Release_mt|Win32.Build.0 = Release|Win32
		{4CD85167-D382-4989-BF82-350F179523A3}.Release_mt|x64.ActiveCfg = Release|Win32
		{4CD85167-D382-4989-BF82-350F179523A3}.Release|Win32.ActiveCfg = Release|Win32
		{4CD85167-D382-4989-BF82-350F179523A3}.Release|Win32.Build.0 = Release|Win32
		{4CD85167-D382-4989-BF82-350F179523A3}.Release|x64.ActiveCfg = Release|Win32
		{B10D9292-464C-47D8-84AB-7D820A2ABD74}.Debug_md|Win32.ActiveCfg = Debug|Win32
		{B10D9292-464C-47D8-84AB-7D820A2ABD74}.Debug_md|Win32.Build.0 = Debug|Win32
		{B10D9292-464C-47D8-84AB-7D820A2ABD74}.Debug_md|x64.ActiveCfg = Debug|Win32
		{B10D9292-464C-47D8-84AB-7D820A2ABD74}.Debug_mt|Win32.ActiveCfg = Debug|Win32
		{B10D9292-464C-47D8-84AB-7D820A2ABD74}.Debug_mt|Win32.Build.0 = Debug|Win32
		{B10D9292-464C-47D8-84AB-7D820A2ABD74}.Debug_mt|x64.ActiveCfg = Debug|Win32
		{B10D9292-464C-47D8-84AB-7D820A2ABD74}.Debug|Win32.ActiveCfg = Debug|Win32
		{B10D9292-464C-47D8-84AB-7D820A2ABD74}.Debug|Win32.Build.0 = Debug|Win32
		{B10D9292-464C-47D8-84AB-7D820A2ABD74}.Debug|x64.ActiveCfg = Debug|Win32
		{B10D9292-464C-47D8-84AB-7D820A2ABD74}.Profile|Win32.ActiveCfg = Release|Win32
		{B10D9292-464C-47D8-84AB-7D820A2ABD74}.Profile|Win32.Build.0 = Release|Win32
		{B10D9292-464C-47D8-84AB-7D820A2ABD74}.Profile|x64.ActiveCfg = Release|Win32
		{B10D9292-464C-47D8-84AB-7D820A2ABD74}.Release_md|Win32.ActiveCfg = Release|Win32
		{B10D9292-464C-47D8-84AB-7D820A2ABD74}.Release_md|Win32.Build.0 = Release|Win32
		{B10D9292-464C-47D8-84AB-7D820A2ABD74}.Release_md|x64.ActiveCfg = Release|Win32
		{B10D9292-464C-47D8-84AB-7D820A2ABD74}.Release_mt|Win32.ActiveCfg = Release|Win32
		{B10D9292-464C-47D8-84AB-7D820A2ABD74}.Release_mt|Win32.Build.0 = Release|Win32
		{B10D9292-464C-47D8-84AB-7D820A2ABD74}.Release_mt|x64.ActiveCfg = Release|Win32
		{B10D9292-464C-47D8-84AB-7D820A2ABD74}.Release|Win32.ActiveCfg = Release|Win32
		{B10D9292-464C-47D8-84AB-7D820A2ABD74}.Release|Win32.Build.0 = Release|Win32
		{B10D9292-464C-47D8-84AB-7D820A2ABD74}.Release|x64.ActiveCfg = Release|Win32
		{90DA97E2-85D2-40CC-BB15-A0332A9C1E3A}.Debug_md|Win32.ActiveCfg = Debug|Win32
		{90DA97E2-85D2-40CC-BB15-A0332A9C1E3A}.Debug_md|Win32.Build.0 = Debug|Win32
		{90DA97E2-85D2-40CC-BB15-A0332A9C1E3A}.Debug_md|x64.ActiveCfg = Debug|Win32
		{90DA97E2-85D2-40CC-BB15-A0332A9C1E3A}.Debug_mt|Win32.ActiveCfg = Debug|Win32
		{90DA97E2-85D2-40CC-BB15-A0332A9C1E3A}.Debug_mt|Win32.Build.0 = Debug|Win32
		{90DA97E2-85D2-40CC-BB15-A0332A9C1E3A}.Debug_mt|x64.ActiveCfg = Debug|Win32
		{90DA97E2-85D2-40CC-BB15-A0332A9C1E3A}.Debug|Win32.ActiveCfg = Debug|Win32
		{90DA97E2-85D2-40CC-BB15-A0332A9C1E3A}.Debug|Win32.Build.0 = Debug|Win32
		{90DA97E2-85D2-40CC-BB15-A0332A9C1E3A}.Debug|x64.ActiveCfg = Debug|Win32
		{90DA97E2-85D2-40CC-BB15-A0332A9C1E3A}.Profile|Win32.ActiveCfg = Release|Win32
		{90DA97E2-85D2-40CC-BB15-A0332A9C1E3A}.Profile|Win32.Build.0 = Release|Win32
		{90DA97E2-85D2-40CC-BB15-A0332A9C1E3A}.Profile|x64.ActiveCfg = Release|Win32
		{90DA97E2-85D2-40CC-BB15-A0332A9C1E3A}.Release_md|Win32.ActiveCfg = Release|Win32
		{90DA97E2-85D2-40CC-BB15-A0332A9C1E3A}.Release_md|Win32.Build.0 = Release|Win32
		{90DA97E2-85D2-40CC-BB15-A0332A9C1E3A}.Release_md|x64.ActiveCfg = Release|Win32
		{90DA97E2-85D2-40CC-BB15-A0332A9C1E3A}.Release_mt|Win32.ActiveCfg = Release|Win32
		{90DA97E2-85D2-40CC-BB15-A0332A9C1E3A}.Release_mt|Win32.Build.0 = Release|Win32
		{90DA97E2-85D2-40CC-BB15-A0332A9C1E3A}.Release_mt|x64.ActiveCfg = Release|Win32
		{90DA97E2-85D2-40CC-BB15-A0332A9C1E3A}.Release|Win32.ActiveCfg = Release|Win32
		{90DA97E2-85D2-40CC-BB15-A0332A9C1E3A}.Release|Win32.Build.0 = Release|Win32
		{90DA97E2-85D2-40CC-BB15-A0332A9C1E3A}.Release|x64.ActiveCfg = Release|Win32
		{DC1D3D20-BAE1-421F-B277-DD893ED344BA}.Debug_md|Win32.ActiveCfg = Debug|Win32
		{DC1D3D20-BAE1-421F-B277-DD893ED344BA}.Debug_md|Win32.Build.0 = Debug|Win32
		{DC1D3D20-BAE1-421F-B277-DD893ED344BA}.Debug_md|x64.ActiveCfg = Debug|Win32
		{DC1D3D20-BAE1-421F-B277-DD893ED344BA}.Debug_mt|Win32.ActiveCfg = Debug|Win32
		{DC1D3D20-BAE1-421F-B277-DD893ED344BA}.Debug_mt|Win32.Build.0 = Debug|Win32
		{DC1D3D20-BAE1-421F-B277-DD893ED344BA}.Debug_mt|x64.ActiveCfg = Debug|Win32
		{DC1D3D20-BAE1-421F-B277-DD893ED344BA}.Debug|Win32.ActiveCfg = Debug|Win32
		{DC1D3D20-BAE1-421F-B277-DD893ED344BA}.Debug|Win32.Build.0 = Debug|Win32
		{DC1D3D20-BAE1-421F-B277-DD893ED344BA}.Debug|x64.ActiveCfg = Debug|Win32
		{DC1D3D20-BAE1-421F-B277-DD893ED344BA}.Profile|Win32.ActiveCfg = Release|Win32
		{DC1D3D20-BAE1-421F-B277-DD893ED344BA}.Profile|Win32.Build.0 = Release|Win32
		{DC1D3D20-BAE1-421F-B277-DD893ED344BA}.Profile|x64.ActiveCfg = Release|Win32
		{DC1D3D20-BAE1-421F-B277-DD893ED344BA}.Release_md|Win32.ActiveCfg = Release|Win32
		{DC1D3D20-BAE1-421F-B277-DD893ED344BA}.Release_md|Win32.Build.0 = Release|Win32
		{DC1D3D20-BAE1-421F-B277-DD893ED344BA}.Release_md|x64.ActiveCfg = Release|Win32
		{DC1D3D20-BAE1-421F-B277-DD893ED344BA}.Release_mt|Win32.ActiveCfg = Release|Win32
		{DC1D3D20-BAE1-421F-B277-DD893ED344BA}.Release_mt|Win32.Build.0 = Release|Win32
		{DC1D3D20-BAE1-421F-B277-DD893ED344BA}.Release_mt|x64.ActiveCfg = Release|Win32
		{DC1D3D20-BAE1-421F-B277-DD893ED344BA}.Release|Win32.ActiveCfg = Release|Win32
		{DC1D3D20-BAE1-421F-B277-DD893ED344BA}.Release|Win32.Build.0 = Release|Win32
		{DC1D3D20-BAE1-421F-B277-DD893ED344BA}.Release|x64.ActiveCfg = Release|Win32
		{E4025487-424E-4697-8D0B-6DF6981546DF}.Debug_md|Win32.ActiveCfg = Debug|Win32
		{E4025487-424E-4697-8D0B-6DF6981546DF}.Debug_md|Win32.Build.0 = Debug|Win32
		{E4025487-424E-4697-8D0B-6DF6981546DF}.Debug_md|x64.ActiveCfg = Debug|Win32
		{E4025487-424E-4697-8D0B-6DF6981546DF}.Debug_mt|Win32.ActiveCfg = Debug|Win32
		{E4025487-424E-4697-8D0B-6DF6981546DF}.Debug_mt|Win32.Build.0 = Debug|Win32
		{E4025487-424E-4697-8D0B-6DF6981546DF}.Debug_mt|x64.ActiveCfg = Debug|Win32
		{E4025487-424E-4697-8D0B-6DF6981546DF}.Debug|Win32.ActiveCfg = Debug|Win32
		{E4025487-424E-4697-8D0B-6DF6981546DF}.Debug|Win32.Build.0 = Debug|Win32
		{E4025487-424E-4697-8D0B-6DF6981546DF}.Debug|x64.ActiveCfg = Debug|Win32
		{E4025487-424E-4697-8D0B-6DF6981546DF}.Profile|Win32.ActiveCfg = Release|Win32
		{E4025487-424E-4697-8D0B-6DF6981546DF}.Profile|Win32.Build.0 = Release|Win32
		{E4025487-424E-4697-8D0B-6DF6981546DF}.Profile|x64.ActiveCfg = Release|Win32
		{E4025487-424E-4697-8D0B-6DF6981546DF}.Release_md|Win32.ActiveCfg = Release|Win32
		{E4025487-424E-4697-8D0B-6DF6981546DF}.Release_md|Win32.Build.0 = Release|Win32
		{E4025487-424E-4697-8D0B-6DF6981546DF}.Release_md|x64.ActiveCfg = Release|Win32
		{E4025487-424E-4697-8D0B-6DF6981546DF}.Release_mt|Win32.ActiveCfg = Release|Win32
		{E4025487-424E-4697-8D0B-6DF6981546DF}.Release_mt|Win32.Build.0 = Release|Win32
		{E4025487-424E-4697-8D0B-6DF6981546DF}.Release_mt|x64.ActiveCfg = Release|Win32
		{E4025487-424E-4697-8D0B-6DF6981546DF}.Release|Win32.ActiveCfg = Release|Win32
		{E4025487-424E-4697-8D0B-6DF6981546DF}.Release|Win32.Build.0 = Release|Win32
		{E4025487-424E-4697-8D0B-6DF6981546DF}.Release|x64.ActiveCfg = Release|Win32
		{88A81030-97F4-472B-BBA8-406AECBD72F0}.Debug_md|Win32.ActiveCfg = Debug|Win32
		{88A81030-97F4-472B-BBA8-406AECBD72F0}.Debug_md|Win32.Build.0 = Debug|Win32
		{88A81030-97F4-472B-BBA8-406AECBD72F0}.Debug_md|x64.ActiveCfg = Debug|Win32
		{88A81030-97F4-472B-BBA8-406AECBD72F0}.Debug_mt|Win32.ActiveCfg = Debug|Win32
		{88A81030-97F4-472B-BBA8-406AECBD72F0}.Debug_mt|Win32.Build.0 = Debug|Win32
		{88A81030-97F4-472B-BBA8-406AECBD72F0}.Debug_mt|x64.ActiveCfg = Debug|Win32
		{88A81030-97F4-472B-BBA8-406AECBD72F0}.Debug|Win32.ActiveCfg = Debug|Win32
		{88A81030-97F4-472B-BBA8-406AECBD72F0}.Debug|Win32.Build.0 = Debug|Win32
		{88A81030-97F4-472B-BBA8-406AECBD72F0}.Debug|x64.ActiveCfg = Debug|Win32
		{88A81030-97F4-472B-BBA8-406AECBD72F0}.Profile|Win32.ActiveCfg = Release|Win32
		{88A81030-97F4-472B-BBA8-406AECBD72F0}.Profile|Win32.Build.0 = Release|Win32
		{88A81030-97F4-472B-BBA8-406AECBD72F0}.Profile|x64.ActiveCfg = Release|Win32
		{88A81030-97F4-472B-BBA8-406AECBD72F0}.Release_md|Win32.ActiveCfg = Release|Win32
		{88A81030-97F4-472B-BBA8-406AECBD72F0}.Release_md|Win32.Build.0 = Release|Win32
		{88A81030-97F4-472B-BBA8-406AECBD72F0}.Release_md|x64.ActiveCfg = Release|Win32
		{88A81030-97F4-472B-BBA8-406AECBD72F0}.Release_mt|Win32.ActiveCfg = Release|Win32
		{88A81030-97F4-472B-BBA8-406AECBD72F0}.Release_mt|Win32.Build.0 = Release|Win32
		{88A81030-97F4-472B-BBA8-406AECBD72F0}.Release_mt|x64.ActiveCfg = Release|Win32
		{88A81030-97F4-472B-BBA8-406AECBD72F0}.Release|Win32.ActiveCfg = Release|Win32
		{88A81030-97F4-472B-BBA8-406AECBD72F0}.Release|Win32.Build.0 = Release|Win32
		{88A81030-97F4-472B-BBA8-406AECBD72F0}.Release|x64.ActiveCfg = Release|Win32
		{996C8CCF-5FEC-407A-BB14-E995785F139B}.Debug_md|Win32.ActiveCfg = Debug|Win32
		{996C8CCF-5FEC-407A-BB14-E995785F139B}.Debug_md|Win32.Build.0 = Debug|Win32
		{996C8CCF-5FEC-407A-BB14-E995785F139B}.Debug_md|x64.ActiveCfg = Debug|Win32
		{996C8CCF-5FEC-407A-BB14-E995785F139B}.Debug_mt|Win32.ActiveCfg = Debug|Win32
		{996C8CCF-5FEC-407A-BB14-E995785F139B}.Debug_mt|Win32.Build.0 = Debug|Win32
		{996C8CCF-5FEC-407A-BB14-E995785F139B}.Debug_mt|x64.ActiveCfg = Debug|Win32
		{996C8CCF-5FEC-407A-BB14-E995785F139B}.Debug|Win32.ActiveCfg = Debug|Win32
		{996C8CCF-5FEC-407A-BB14-E995785F139B}.Debug|Win32.Build.0 = Debug|Win32
		{996C8CCF-5FEC-407A-BB14-E995785F139B}.Debug|x64.ActiveCfg = Debug|Win32
		{996C8CCF-5FEC-407A-BB14-E995785F139B}.Profile|Win32.ActiveCfg = Release|Win32
		{996C8CCF-5FEC-407A-BB14-E995785F139B}.Profile|Win32.Build.0 = Release|Win32
		{996C8CCF-5FEC-407A-BB14-E995785F139B}.Profile|x64.ActiveCfg = Release|Win32
		{996C8CCF-5FEC-407A-BB14-E995785F139B}.Release_md|Win32.ActiveCfg = Release|Win32
		{996C8CCF-5FEC-407A-BB14-E995785F139B}.Release_md|Win32.Build.0 = Release|Win32
		{996C8CCF-5FEC-407A-BB14-E995785F139B}.Release_md|x64.ActiveCfg = Release|Win32
		{996C8CCF-5FEC-407A-BB14-E995785F139B}.Release_mt|Win32.ActiveCfg = Release|Win32
		{996C8CCF-5FEC-407A-BB14-E995785F139B}.Release_mt|Win32.Build.0 = Release|Win32
		{996C8CCF-5FEC-407A-BB14-E995785F139B}.Release_mt|x64.ActiveCfg = Release|Win32
		{996C8CCF-5FEC-407A-BB14-E995785F139B}.Release|Win32.ActiveCfg = Release|Win32
		{996C8CCF-5FEC-407A-BB14-E995785F139B}.Release|Win32.Build.0 = Release|Win32
		{996C8CCF-5FEC-407A-BB14-E995785F139B}.Release|x64.ActiveCfg = Release|Win32
	EndGlobalSection
	GlobalSection(SolutionProperties) = preSolution
		HideSolutionNode = FALSE
	EndGlobalSection
	GlobalSection(NestedProjects) = preSolution
		{185A1E41-9B1E-4229-8519-B63EB39ABD56} = {C87048B7-70D0-4603-AD4B-5178B3CD3EFD}
		{DE4C2E33-1D7D-4299-BFCB-74D4EF59E0A2} = {C87048B7-70D0-4603-AD4B-5178B3CD3EFD}
		{795A208B-6344-4A41-9875-821316A6762C} = {C87048B7-70D0-4603-AD4B-5178B3CD3EFD}
		{1B0FDC6F-3FD3-4D25-8372-B3B505F3F6CB} = {C87048B7-70D0-4603-AD4B-5178B3CD3EFD}
		{AA89E084-0D92-4507-AD37-79EC45CB01E8} = {C87048B7-70D0-4603-AD4B-5178B3CD3EFD}
		{D6EEB494-0D12-43E7-8011-1A6BDC7BAB3D} = {C87048B7-70D0-4603-AD4B-5178B3CD3EFD}
		{FAADB07B-E89A-4B9A-891C-BA96F3070ADC} = {C87048B7-70D0-4603-AD4B-5178B3CD3EFD}
		{5EB2CCD9-F4C7-439F-A11C-35D9CF54EF0E} = {C87048B7-70D0-4603-AD4B-5178B3CD3EFD}
		{EA152606-7560-496F-BFF3-1A78C158C943} = {C87048B7-70D0-4603-AD4B-5178B3CD3EFD}
		{1E14079D-0FC3-46C5-BAF3-478ECB4C58A4} = {C87048B7-70D0-4603-AD4B-5178B3CD3EFD}
		{16382F6C-22CF-4205-8E1E-EAF011C51216} = {C87048B7-70D0-4603-AD4B-5178B3CD3EFD}
		{244B8931-F1FB-4D11-A8CC-95790931343B} = {D8361221-BE66-4CD3-885E-AE49199AFE19}
		{0DAE2408-8CE2-48F2-AAAF-4857C9839C72} = {D8361221-BE66-4CD3-885E-AE49199AFE19}
		{E0CF097B-F22D-465B-A884-D89E55BD7ECD} = {D8361221-BE66-4CD3-885E-AE49199AFE19}
		{F67C4593-A914-4DDF-8CB5-C59A3EF3ECE0} = {1C252C3F-90E3-4E0A-836D-81CC0AF0E0E4}
		{CBE9E751-E58B-46C1-B6B0-873670D0F981} = {1C252C3F-90E3-4E0A-836D-81CC0AF0E0E4}
		{B5EEC82D-938F-44C9-89BB-4A058581750B} = {1C252C3F-90E3-4E0A-836D-81CC0AF0E0E4}
		{18E509CF-46D2-4749-B3BB-160937CF2481} = {1C252C3F-90E3-4E0A-836D-81CC0AF0E0E4}
		{721C99CE-4716-4146-9817-59BC2671B844} = {1C252C3F-90E3-4E0A-836D-81CC0AF0E0E4}
		{AF007A9E-ECFE-4076-AC1F-3F4DDBDB1330} = {7B87C07E-32D7-4EC0-8A97-B35AD3F82033}
		{7B6BA5C5-5D99-4700-A893-3C2F5E3D41FE} = {7B87C07E-32D7-4EC0-8A97-B35AD3F82033}
		{2882473A-6A78-4822-AE69-FF8858FB2CEF} = {7B87C07E-32D7-4EC0-8A97-B35AD3F82033}
		{43FA2A2E-0C06-4380-B4A2-7DBACD4DCF51} = {7B87C07E-32D7-4EC0-8A97-B35AD3F82033}
		{F2C1C1E9-368B-4833-A23E-39BD7829244F} = {7B87C07E-32D7-4EC0-8A97-B35AD3F82033}
		{ACB6C69A-E719-4228-A30A-74E5D78F5D9B} = {7B87C07E-32D7-4EC0-8A97-B35AD3F82033}
		{78937924-5FFB-4976-91ED-CD07843DE437} = {7B87C07E-32D7-4EC0-8A97-B35AD3F82033}
		{4CD85167-D382-4989-BF82-350F179523A3} = {7B87C07E-32D7-4EC0-8A97-B35AD3F82033}
		{90DA97E2-85D2-40CC-BB15-A0332A9C1E3A} = {7B87C07E-32D7-4EC0-8A97-B35AD3F82033}
		{DC1D3D20-BAE1-421F-B277-DD893ED344BA} = {7B87C07E-32D7-4EC0-8A97-B35AD3F82033}
		{E4025487-424E-4697-8D0B-6DF6981546DF} = {7B87C07E-32D7-4EC0-8A97-B35AD3F82033}
		{996C8CCF-5FEC-407A-BB14-E995785F139B} = {7B87C07E-32D7-4EC0-8A97-B35AD3F82033}
		{13DC6DB7-A99F-417E-AAC1-310A98B4D237} = {39FFAD9E-5480-4CEF-A9D6-CF79D23F0EAD}
		{641EBED2-699D-4682-9A06-EF5AB0D1DA92} = {39FFAD9E-5480-4CEF-A9D6-CF79D23F0EAD}
		{F7752F31-03B7-4157-959A-4ED80F44C16D} = {39FFAD9E-5480-4CEF-A9D6-CF79D23F0EAD}
		{51F2E16D-E923-431D-B09C-E4DB88ECC351} = {39FFAD9E-5480-4CEF-A9D6-CF79D23F0EAD}
		{88A81030-97F4-472B-BBA8-406AECBD72F0} = {39FFAD9E-5480-4CEF-A9D6-CF79D23F0EAD}
		{8F91A0A0-C497-45A9-A9D7-15638432DBC5} = {5A194147-0C76-4999-B4FD-0F14AA524655}
		{3E44D06B-0B39-4BDF-A92A-CEEF7805CED4} = {5A194147-0C76-4999-B4FD-0F14AA524655}
		{B10D9292-464C-47D8-84AB-7D820A2ABD74} = {BCE4083A-5CFC-40C3-B9D3-21C1BC36A31B}
	EndGlobalSection
EndGlobal
