<?xml version="1.0" encoding="utf-8"?>
<Project ToolsVersion="4.0" xmlns="http://schemas.microsoft.com/developer/msbuild/2003">
  <ItemGroup>
    <Filter Include="vector">
      <UniqueIdentifier>{888d57fd-561a-4b6f-929d-660a65710c25}</UniqueIdentifier>
    </Filter>
    <Filter Include="quaternion">
      <UniqueIdentifier>{c1b66f76-91dd-43fc-ac86-7a5d7cfbc185}</UniqueIdentifier>
    </Filter>
    <Filter Include="matrix">
      <UniqueIdentifier>{0f00783b-cbfc-451c-9f25-681843f6abf0}</UniqueIdentifier>
    </Filter>
  </ItemGroup>
  <ItemGroup>
    <ClInclude Include="4DMath.h" />
    <ClInclude Include="ConstValue.h" />
    <ClInclude Include="4DVector3.h">
      <Filter>vector</Filter>
    </ClInclude>
    <ClInclude Include="4DMatrix4.h">
      <Filter>matrix</Filter>
    </ClInclude>
    <ClInclude Include="4DQuaternion.h">
      <Filter>quaternion</Filter>
    </ClInclude>
  </ItemGroup>
  <ItemGroup>
    <ClCompile Include="4DVector3.cpp">
      <Filter>vector</Filter>
    </ClCompile>
    <ClCompile Include="4DMatrix4.cpp">
      <Filter>matrix</Filter>
    </ClCompile>
    <ClCompile Include="4DQuaternion.cpp">
      <Filter>quaternion</Filter>
    </ClCompile>
  </ItemGroup>
</Project>